PODS:
  - ACEView (0.0.5)
  - AFNetworking (2.5.4):
    - AFNetworking/NSURLConnection (= 2.5.4)
    - AFNetworking/NSURLSession (= 2.5.4)
    - AFNetworking/Reachability (= 2.5.4)
    - AFNetworking/Security (= 2.5.4)
    - AFNetworking/Serialization (= 2.5.4)
    - AFNetworking/UIKit (= 2.5.4)
  - AFNetworking/NSURLConnection (2.5.4):
    - AFNetworking/Reachability
    - AFNetworking/Security
    - AFNetworking/Serialization
  - AFNetworking/NSURLSession (2.5.4):
    - AFNetworking/Reachability
    - AFNetworking/Security
    - AFNetworking/Serialization
  - AFNetworking/Reachability (2.5.4)
  - AFNetworking/Security (2.5.4)
  - AFNetworking/Serialization (2.5.4)
  - AHKeychain (0.3.0)
  - AHLaunchCtl (0.5.4)
  - AHProxySettings (0.1.2)
  - GRMustache (7.3.2):
    - JRSwizzle (~> 1.0)
  - JRSwizzle (1.0)
  - mailcore2-osx (0.6.4)
  - MMMarkdown (0.5.5)
  - OpenSSL-Universal (1.1.1100)
  - RNCryptor (2.2)
  - Sparkle (1.26.0)
  - XMLDictionary (1.4.1)

DEPENDENCIES:
  - ACEView (~> 0.0.5)
  - AFNetworking (~> 2.5.4)
  - AHKeychain (~> 0.3.0)
  - AHLaunchCtl (from `https://github.com/eahrold/AHLaunchCtl.git`)
  - AHProxySettings (~> 0.1.1)
  - GRMustache (~> 7.3.2)
  - mailcore2-osx (= 0.6.4)
  - MMMarkdown (~> 0.5.1)
  - OpenSSL-Universal
  - RNCryptor (~> 2.2)
  - Sparkle (= 1.26.0)
  - XMLDictionary (~> 1.4)

SPEC REPOS:
  https://github.com/CocoaPods/Specs.git:
    - ACEView
    - AFNetworking
    - AHKeychain
    - AHProxySettings
    - GRMustache
    - JRSwizzle
    - mailcore2-osx
    - MMMarkdown
    - OpenSSL-Universal
    - RNCryptor
    - Sparkle
    - XMLDictionary

EXTERNAL SOURCES:
  AHLaunchCtl:
    :git: https://github.com/eahrold/AHLaunchCtl.git

CHECKOUT OPTIONS:
  AHLaunchCtl:
    :commit: f0bfaaeb967c4cd1bcb4d469dd34986aeffba9b4
    :git: https://github.com/eahrold/AHLaunchCtl.git

SPEC CHECKSUMS:
  ACEView: cf3f665c61c8567d5dd04f395796342f58bad1a0
  AFNetworking: 05edc0ac4c4c8cf57bcf4b84be5b0744b6d8e71e
  AHKeychain: 5fe62fe1982192dee4bf0d218ff15adfe22e19ee
  AHLaunchCtl: 696233a41a9b968e0683ce2cc1b8686ff25ca5c7
  AHProxySettings: 03a09b33e2c8159342dfd3509c92ca4004c93bec
  GRMustache: ebe6104fd30a6d22c1f36af131e19e2dbf7cd292
  JRSwizzle: dd5ead5d913a0f29e7f558200165849f006bb1e3
  mailcore2-osx: 56890045e50f3b09b6530f5bd008eda67e1f6b82
  MMMarkdown: 1af97166ce0f6d6e0cb05695665492195d27c3f1
  OpenSSL-Universal: ebc357f1e6bc71fa463ccb2fe676756aff50e88c
  RNCryptor: c68678461a2c7474a55db9a6a98834c22d51f535
  Sparkle: d56d028f4b0c123577825f5d1004f6140d77f90e
  XMLDictionary: fa07b6ff422b3a91d47a5de9bc82e3fc04fbd167

PODFILE CHECKSUM: a046c23f27bb20a83db17121e2e7a7cc7953d9f7

COCOAPODS: 1.10.1
