PODS:
  - AFNetworking (2.4.1):
    - AFNetworking/NSURLConnection (= 2.4.1)
    - AFNetworking/NSURLSession (= 2.4.1)
    - AFNetworking/Reachability (= 2.4.1)
    - AFNetworking/Security (= 2.4.1)
    - AFNetworking/Serialization (= 2.4.1)
    - AFNetworking/UIKit (= 2.4.1)
  - AFNetworking/NSURLConnection (2.4.1):
    - AFNetworking/Reachability
    - AFNetworking/Security
    - AFNetworking/Serialization
  - AFNetworking/NSURLSession (2.4.1):
    - AFNetworking/Reachability
    - AFNetworking/Security
    - AFNetworking/Serialization
  - AFNetworking/Reachability (2.4.1)
  - AFNetworking/Security (2.4.1)
  - AFNetworking/Serialization (2.4.1)
  - AHCodesignVerifier (0.1)
  - AHKeychain (0.2)
  - AHLaunchCtl (0.3)
  - AHProxySettings (0.1.1)
  - mailcore2-osx (0.5.0)
  - Sparkle (1.8.0)
  - XMLDictionary (1.4)

DEPENDENCIES:
  - AFNetworking (~> 2.4.1)
  - AHCodesignVerifier (~> 0.1)
  - AHKeychain (~> 0.2)
  - AHLaunchCtl (~> 0.3)
  - AHProxySettings (~> 0.1.1)
  - mailcore2-osx (~> 0.5)
  - Sparkle (= 1.8)
  - XMLDictionary (~> 1.4)

SPEC CHECKSUMS:
  AFNetworking: 0aabc6fae66d6e5d039eeb21c315843c7aae51ab
  AHCodesignVerifier: d85f1962a32cac1bf671f47f1ac015dcb45192f2
  AHKeychain: 8d76073b87a7d355ded1f03529a3088de4a9acf6
  AHLaunchCtl: c0d55ba401602dd38e43edfcb757ff3919d71914
  AHProxySettings: 9237c332cf97cdd5c916b0203bbe19866ad4a615
  mailcore2-osx: 91139d7e08fa55fc2b48036af0dcdde06216839f
  Sparkle: 5eb20bb37ca21e471dab8417dee880198d905327
  XMLDictionary: 735e81b9a043e220b0d24e9d4f16719606f2e0fc

COCOAPODS: 0.35.0
