// !$*UTF8*$!
{
	archiveVersion = 1;
	classes = {
	};
	objectVersion = 46;
	objects = {

/* Begin PBXBuildFile section */
		1A0A86AF195CE63900A49434 /* MailCore.framework in Frameworks */ = {isa = PBXBuildFile; fileRef = 1A0A86AE195CE5DC00A49434 /* MailCore.framework */; };
		1A0A86B1195CE69300A49434 /* Security.framework in Frameworks */ = {isa = PBXBuildFile; fileRef = 1A0A86B0195CE69300A49434 /* Security.framework */; };
		1A0A86B5195CE6D800A49434 /* MailCore.framework in CopyFiles */ = {isa = PBXBuildFile; fileRef = 1A0A86AE195CE5DC00A49434 /* MailCore.framework */; };
		1A1BAD96197A0407008192A7 /* LGVersionComparator.m in Sources */ = {isa = PBXBuildFile; fileRef = 1A1BAD95197A0407008192A7 /* LGVersionComparator.m */; };
		1A1BAD9E197A4133008192A7 /* LGGitHubJSONLoader.m in Sources */ = {isa = PBXBuildFile; fileRef = 1A1BAD9D197A4133008192A7 /* LGGitHubJSONLoader.m */; };
		1A979FE01960BCCC00EE9881 /* LGUnzipper.m in Sources */ = {isa = PBXBuildFile; fileRef = 1A979FDF1960BCCC00EE9881 /* LGUnzipper.m */; };
		1AC69551195B59ED00D2BD81 /* Cocoa.framework in Frameworks */ = {isa = PBXBuildFile; fileRef = 1AC69550195B59ED00D2BD81 /* Cocoa.framework */; };
		1AC6955B195B59ED00D2BD81 /* InfoPlist.strings in Resources */ = {isa = PBXBuildFile; fileRef = 1AC69559195B59ED00D2BD81 /* InfoPlist.strings */; };
		1AC6955D195B59EE00D2BD81 /* main.m in Sources */ = {isa = PBXBuildFile; fileRef = 1AC6955C195B59ED00D2BD81 /* main.m */; };
		1AC69561195B59EE00D2BD81 /* Credits.rtf in Resources */ = {isa = PBXBuildFile; fileRef = 1AC6955F195B59EE00D2BD81 /* Credits.rtf */; };
		1AC69564195B59EE00D2BD81 /* LGAppDelegate.m in Sources */ = {isa = PBXBuildFile; fileRef = 1AC69563195B59EE00D2BD81 /* LGAppDelegate.m */; };
		1AC69567195B59EE00D2BD81 /* MainMenu.xib in Resources */ = {isa = PBXBuildFile; fileRef = 1AC69565195B59EE00D2BD81 /* MainMenu.xib */; };
		1AC69569195B59EE00D2BD81 /* Images.xcassets in Resources */ = {isa = PBXBuildFile; fileRef = 1AC69568195B59EE00D2BD81 /* Images.xcassets */; };
		1AC69570195B59EE00D2BD81 /* XCTest.framework in Frameworks */ = {isa = PBXBuildFile; fileRef = 1AC6956F195B59EE00D2BD81 /* XCTest.framework */; };
		1AC69571195B59EE00D2BD81 /* Cocoa.framework in Frameworks */ = {isa = PBXBuildFile; fileRef = 1AC69550195B59ED00D2BD81 /* Cocoa.framework */; };
		1AC69579195B59EE00D2BD81 /* InfoPlist.strings in Resources */ = {isa = PBXBuildFile; fileRef = 1AC69577195B59EE00D2BD81 /* InfoPlist.strings */; };
		1AC6957B195B59EE00D2BD81 /* AutoPkgrTests.m in Sources */ = {isa = PBXBuildFile; fileRef = 1AC6957A195B59EE00D2BD81 /* AutoPkgrTests.m */; };
		1AC86D3D195E0AC6006FDD2B /* LGHostInfo.m in Sources */ = {isa = PBXBuildFile; fileRef = 1AC86D3C195E0AC6006FDD2B /* LGHostInfo.m */; };
		1AC9840A195CE7D60071CAB3 /* LGConstants.m in Sources */ = {isa = PBXBuildFile; fileRef = 1AC98409195CE7D60071CAB3 /* LGConstants.m */; };
		1AC98412195CE8520071CAB3 /* LGEmailer.m in Sources */ = {isa = PBXBuildFile; fileRef = 1AC98411195CE8520071CAB3 /* LGEmailer.m */; };
		1AC98416195CE99E0071CAB3 /* SSKeychain.m in Sources */ = {isa = PBXBuildFile; fileRef = 1AC98415195CE99E0071CAB3 /* SSKeychain.m */; };
		1AC9841F195CEC360071CAB3 /* LGConfigurationWindowController.m in Sources */ = {isa = PBXBuildFile; fileRef = 1AC9841D195CEC350071CAB3 /* LGConfigurationWindowController.m */; };
		1AC98420195CEC360071CAB3 /* LGConfigurationWindowController.xib in Resources */ = {isa = PBXBuildFile; fileRef = 1AC9841E195CEC360071CAB3 /* LGConfigurationWindowController.xib */; };
		1AC98427195DF6350071CAB3 /* autopkgr.png in Resources */ = {isa = PBXBuildFile; fileRef = 1AC98425195DF6350071CAB3 /* autopkgr.png */; };
		1AC98429195DF6DE0071CAB3 /* autopkgr_alt.png in Resources */ = {isa = PBXBuildFile; fileRef = 1AC98428195DF6DE0071CAB3 /* autopkgr_alt.png */; };
		6A0ACE34196FB349002C7FE4 /* LGApplications.m in Sources */ = {isa = PBXBuildFile; fileRef = 6A0ACE33196FB349002C7FE4 /* LGApplications.m */; };
		6A0BABE9196E560000A136BB /* LGPopularRepositories.m in Sources */ = {isa = PBXBuildFile; fileRef = 6A0BABE8196E560000A136BB /* LGPopularRepositories.m */; };
		6A53625D1988BE59008A949C /* LGTestPort.m in Sources */ = {isa = PBXBuildFile; fileRef = 6A53625C1988BE59008A949C /* LGTestPort.m */; };
		8B6A3199195B7AC1007A7A16 /* linde-logo@400px.png in Resources */ = {isa = PBXBuildFile; fileRef = 8B6A3198195B7AC1007A7A16 /* linde-logo@400px.png */; };
		8BB217F619709A2C00EF8B93 /* AutoPkgrIcon.png in Resources */ = {isa = PBXBuildFile; fileRef = 8BB217F519709A2C00EF8B93 /* AutoPkgrIcon.png */; };
		BE025CF619BAE93400D36345 /* LGAutoPkgTask.m in Sources */ = {isa = PBXBuildFile; fileRef = BE025CF519BAE93400D36345 /* LGAutoPkgTask.m */; };
		BE025CF719BAE93400D36345 /* LGAutoPkgTask.m in Sources */ = {isa = PBXBuildFile; fileRef = BE025CF519BAE93400D36345 /* LGAutoPkgTask.m */; };
		BE025CFE19BAEF8800D36345 /* LGAutoPkgSchedule.m in Sources */ = {isa = PBXBuildFile; fileRef = BE025CFD19BAEF8800D36345 /* LGAutoPkgSchedule.m */; };
		BE025CFF19BAEF8800D36345 /* LGAutoPkgSchedule.m in Sources */ = {isa = PBXBuildFile; fileRef = BE025CFD19BAEF8800D36345 /* LGAutoPkgSchedule.m */; };
		BE57AC2A19BA3BBC00BB17B1 /* Localizable.strings in Resources */ = {isa = PBXBuildFile; fileRef = BE57AC2C19BA3BBC00BB17B1 /* Localizable.strings */; };
		BE87994B1995BA410082472B /* LGDefaults.m in Sources */ = {isa = PBXBuildFile; fileRef = BE87994A1995BA410082472B /* LGDefaults.m */; };
		BEFC931D1995F0710074C938 /* LGError.m in Sources */ = {isa = PBXBuildFile; fileRef = BEFC931C1995F0710074C938 /* LGError.m */; };
/* End PBXBuildFile section */

/* Begin PBXContainerItemProxy section */
		1A0A86A5195CE5DC00A49434 /* PBXContainerItemProxy */ = {
			isa = PBXContainerItemProxy;
			containerPortal = 1A0A869D195CE5DB00A49434 /* mailcore2.xcodeproj */;
			proxyType = 2;
			remoteGlobalIDString = C64EA537169E772200778456;
			remoteInfo = "static mailcore2 osx";
		};
		1A0A86A7195CE5DC00A49434 /* PBXContainerItemProxy */ = {
			isa = PBXContainerItemProxy;
			containerPortal = 1A0A869D195CE5DB00A49434 /* mailcore2.xcodeproj */;
			proxyType = 2;
			remoteGlobalIDString = C6BA2C191705F4E6003F0E9E;
			remoteInfo = "static mailcore2 ios";
		};
		1A0A86A9195CE5DC00A49434 /* PBXContainerItemProxy */ = {
			isa = PBXContainerItemProxy;
			containerPortal = 1A0A869D195CE5DB00A49434 /* mailcore2.xcodeproj */;
			proxyType = 2;
			remoteGlobalIDString = C64EA78C169F259200778456;
			remoteInfo = tests;
		};
		1A0A86AB195CE5DC00A49434 /* PBXContainerItemProxy */ = {
			isa = PBXContainerItemProxy;
			containerPortal = 1A0A869D195CE5DB00A49434 /* mailcore2.xcodeproj */;
			proxyType = 2;
			remoteGlobalIDString = C6A81B911706840C00882C15;
			remoteInfo = "test-ios";
		};
		1A0A86AD195CE5DC00A49434 /* PBXContainerItemProxy */ = {
			isa = PBXContainerItemProxy;
			containerPortal = 1A0A869D195CE5DB00A49434 /* mailcore2.xcodeproj */;
			proxyType = 2;
			remoteGlobalIDString = C6BD288D170BD71100A91AC1;
			remoteInfo = "mailcore osx";
		};
		1A0A86B2195CE6B500A49434 /* PBXContainerItemProxy */ = {
			isa = PBXContainerItemProxy;
			containerPortal = 1A0A869D195CE5DB00A49434 /* mailcore2.xcodeproj */;
			proxyType = 1;
			remoteGlobalIDString = C6BD288C170BD71100A91AC1;
			remoteInfo = "mailcore osx";
		};
		1AC69572195B59EE00D2BD81 /* PBXContainerItemProxy */ = {
			isa = PBXContainerItemProxy;
			containerPortal = 1AC69545195B59ED00D2BD81 /* Project object */;
			proxyType = 1;
			remoteGlobalIDString = 1AC6954C195B59ED00D2BD81;
			remoteInfo = AutoPkgr;
		};
/* End PBXContainerItemProxy section */

/* Begin PBXCopyFilesBuildPhase section */
		1A0A86B4195CE6BF00A49434 /* CopyFiles */ = {
			isa = PBXCopyFilesBuildPhase;
			buildActionMask = 2147483647;
			dstPath = "";
			dstSubfolderSpec = 10;
			files = (
				1A0A86B5195CE6D800A49434 /* MailCore.framework in CopyFiles */,
			);
			runOnlyForDeploymentPostprocessing = 0;
		};
/* End PBXCopyFilesBuildPhase section */

/* Begin PBXFileReference section */
		1A0A869D195CE5DB00A49434 /* mailcore2.xcodeproj */ = {isa = PBXFileReference; lastKnownFileType = "wrapper.pb-project"; name = mailcore2.xcodeproj; path = "mailcore2/build-mac/mailcore2.xcodeproj"; sourceTree = SOURCE_ROOT; };
		1A0A86B0195CE69300A49434 /* Security.framework */ = {isa = PBXFileReference; lastKnownFileType = wrapper.framework; name = Security.framework; path = System/Library/Frameworks/Security.framework; sourceTree = SDKROOT; };
		1A1BAD94197A0407008192A7 /* LGVersionComparator.h */ = {isa = PBXFileReference; fileEncoding = 4; lastKnownFileType = sourcecode.c.h; path = LGVersionComparator.h; sourceTree = "<group>"; };
		1A1BAD95197A0407008192A7 /* LGVersionComparator.m */ = {isa = PBXFileReference; fileEncoding = 4; lastKnownFileType = sourcecode.c.objc; path = LGVersionComparator.m; sourceTree = "<group>"; };
		1A1BAD9C197A4133008192A7 /* LGGitHubJSONLoader.h */ = {isa = PBXFileReference; fileEncoding = 4; lastKnownFileType = sourcecode.c.h; path = LGGitHubJSONLoader.h; sourceTree = "<group>"; };
		1A1BAD9D197A4133008192A7 /* LGGitHubJSONLoader.m */ = {isa = PBXFileReference; fileEncoding = 4; lastKnownFileType = sourcecode.c.objc; path = LGGitHubJSONLoader.m; sourceTree = "<group>"; };
		1A979FDE1960BCCC00EE9881 /* LGUnzipper.h */ = {isa = PBXFileReference; fileEncoding = 4; lastKnownFileType = sourcecode.c.h; path = LGUnzipper.h; sourceTree = "<group>"; };
		1A979FDF1960BCCC00EE9881 /* LGUnzipper.m */ = {isa = PBXFileReference; fileEncoding = 4; lastKnownFileType = sourcecode.c.objc; path = LGUnzipper.m; sourceTree = "<group>"; };
		1AC6954D195B59ED00D2BD81 /* AutoPkgr.app */ = {isa = PBXFileReference; explicitFileType = wrapper.application; includeInIndex = 0; path = AutoPkgr.app; sourceTree = BUILT_PRODUCTS_DIR; };
		1AC69550195B59ED00D2BD81 /* Cocoa.framework */ = {isa = PBXFileReference; lastKnownFileType = wrapper.framework; name = Cocoa.framework; path = System/Library/Frameworks/Cocoa.framework; sourceTree = SDKROOT; };
		1AC69553195B59ED00D2BD81 /* AppKit.framework */ = {isa = PBXFileReference; lastKnownFileType = wrapper.framework; name = AppKit.framework; path = System/Library/Frameworks/AppKit.framework; sourceTree = SDKROOT; };
		1AC69554195B59ED00D2BD81 /* CoreData.framework */ = {isa = PBXFileReference; lastKnownFileType = wrapper.framework; name = CoreData.framework; path = System/Library/Frameworks/CoreData.framework; sourceTree = SDKROOT; };
		1AC69555195B59ED00D2BD81 /* Foundation.framework */ = {isa = PBXFileReference; lastKnownFileType = wrapper.framework; name = Foundation.framework; path = System/Library/Frameworks/Foundation.framework; sourceTree = SDKROOT; };
		1AC69558195B59ED00D2BD81 /* AutoPkgr-Info.plist */ = {isa = PBXFileReference; lastKnownFileType = text.plist.xml; path = "AutoPkgr-Info.plist"; sourceTree = "<group>"; };
		1AC6955A195B59ED00D2BD81 /* en */ = {isa = PBXFileReference; lastKnownFileType = text.plist.strings; name = en; path = en.lproj/InfoPlist.strings; sourceTree = "<group>"; };
		1AC6955C195B59ED00D2BD81 /* main.m */ = {isa = PBXFileReference; lastKnownFileType = sourcecode.c.objc; path = main.m; sourceTree = "<group>"; };
		1AC6955E195B59EE00D2BD81 /* AutoPkgr-Prefix.pch */ = {isa = PBXFileReference; lastKnownFileType = sourcecode.c.h; path = "AutoPkgr-Prefix.pch"; sourceTree = "<group>"; };
		1AC69560195B59EE00D2BD81 /* en */ = {isa = PBXFileReference; lastKnownFileType = text.rtf; name = en; path = en.lproj/Credits.rtf; sourceTree = "<group>"; };
		1AC69562195B59EE00D2BD81 /* LGAppDelegate.h */ = {isa = PBXFileReference; lastKnownFileType = sourcecode.c.h; path = LGAppDelegate.h; sourceTree = "<group>"; };
		1AC69563195B59EE00D2BD81 /* LGAppDelegate.m */ = {isa = PBXFileReference; lastKnownFileType = sourcecode.c.objc; path = LGAppDelegate.m; sourceTree = "<group>"; };
		1AC69566195B59EE00D2BD81 /* Base */ = {isa = PBXFileReference; lastKnownFileType = file.xib; name = Base; path = Base.lproj/MainMenu.xib; sourceTree = "<group>"; };
		1AC69568195B59EE00D2BD81 /* Images.xcassets */ = {isa = PBXFileReference; lastKnownFileType = folder.assetcatalog; path = Images.xcassets; sourceTree = "<group>"; };
		1AC6956E195B59EE00D2BD81 /* AutoPkgrTests.xctest */ = {isa = PBXFileReference; explicitFileType = wrapper.cfbundle; includeInIndex = 0; path = AutoPkgrTests.xctest; sourceTree = BUILT_PRODUCTS_DIR; };
		1AC6956F195B59EE00D2BD81 /* XCTest.framework */ = {isa = PBXFileReference; lastKnownFileType = wrapper.framework; name = XCTest.framework; path = Library/Frameworks/XCTest.framework; sourceTree = DEVELOPER_DIR; };
		1AC69576195B59EE00D2BD81 /* AutoPkgrTests-Info.plist */ = {isa = PBXFileReference; lastKnownFileType = text.plist.xml; path = "AutoPkgrTests-Info.plist"; sourceTree = "<group>"; };
		1AC69578195B59EE00D2BD81 /* en */ = {isa = PBXFileReference; lastKnownFileType = text.plist.strings; name = en; path = en.lproj/InfoPlist.strings; sourceTree = "<group>"; };
		1AC6957A195B59EE00D2BD81 /* AutoPkgrTests.m */ = {isa = PBXFileReference; lastKnownFileType = sourcecode.c.objc; path = AutoPkgrTests.m; sourceTree = "<group>"; };
		1AC86D3B195E0AC6006FDD2B /* LGHostInfo.h */ = {isa = PBXFileReference; fileEncoding = 4; lastKnownFileType = sourcecode.c.h; path = LGHostInfo.h; sourceTree = "<group>"; };
		1AC86D3C195E0AC6006FDD2B /* LGHostInfo.m */ = {isa = PBXFileReference; fileEncoding = 4; lastKnownFileType = sourcecode.c.objc; path = LGHostInfo.m; sourceTree = "<group>"; };
		1AC98408195CE7D60071CAB3 /* LGConstants.h */ = {isa = PBXFileReference; fileEncoding = 4; lastKnownFileType = sourcecode.c.h; path = LGConstants.h; sourceTree = "<group>"; };
		1AC98409195CE7D60071CAB3 /* LGConstants.m */ = {isa = PBXFileReference; fileEncoding = 4; lastKnownFileType = sourcecode.c.objc; path = LGConstants.m; sourceTree = "<group>"; };
		1AC98410195CE8510071CAB3 /* LGEmailer.h */ = {isa = PBXFileReference; fileEncoding = 4; lastKnownFileType = sourcecode.c.h; path = LGEmailer.h; sourceTree = "<group>"; };
		1AC98411195CE8520071CAB3 /* LGEmailer.m */ = {isa = PBXFileReference; fileEncoding = 4; lastKnownFileType = sourcecode.c.objc; path = LGEmailer.m; sourceTree = "<group>"; };
		1AC98414195CE99E0071CAB3 /* SSKeychain.h */ = {isa = PBXFileReference; fileEncoding = 4; lastKnownFileType = sourcecode.c.h; path = SSKeychain.h; sourceTree = "<group>"; };
		1AC98415195CE99E0071CAB3 /* SSKeychain.m */ = {isa = PBXFileReference; fileEncoding = 4; lastKnownFileType = sourcecode.c.objc; path = SSKeychain.m; sourceTree = "<group>"; };
		1AC9841C195CEC350071CAB3 /* LGConfigurationWindowController.h */ = {isa = PBXFileReference; fileEncoding = 4; lastKnownFileType = sourcecode.c.h; path = LGConfigurationWindowController.h; sourceTree = "<group>"; };
		1AC9841D195CEC350071CAB3 /* LGConfigurationWindowController.m */ = {isa = PBXFileReference; fileEncoding = 4; lastKnownFileType = sourcecode.c.objc; path = LGConfigurationWindowController.m; sourceTree = "<group>"; };
		1AC9841E195CEC360071CAB3 /* LGConfigurationWindowController.xib */ = {isa = PBXFileReference; fileEncoding = 4; lastKnownFileType = file.xib; path = LGConfigurationWindowController.xib; sourceTree = "<group>"; };
		1AC98425195DF6350071CAB3 /* autopkgr.png */ = {isa = PBXFileReference; lastKnownFileType = image.png; path = autopkgr.png; sourceTree = "<group>"; };
		1AC98428195DF6DE0071CAB3 /* autopkgr_alt.png */ = {isa = PBXFileReference; lastKnownFileType = image.png; path = autopkgr_alt.png; sourceTree = "<group>"; };
		6A0ACE32196FB349002C7FE4 /* LGApplications.h */ = {isa = PBXFileReference; fileEncoding = 4; lastKnownFileType = sourcecode.c.h; path = LGApplications.h; sourceTree = "<group>"; };
		6A0ACE33196FB349002C7FE4 /* LGApplications.m */ = {isa = PBXFileReference; fileEncoding = 4; lastKnownFileType = sourcecode.c.objc; path = LGApplications.m; sourceTree = "<group>"; };
		6A0BABE7196E560000A136BB /* LGPopularRepositories.h */ = {isa = PBXFileReference; fileEncoding = 4; lastKnownFileType = sourcecode.c.h; path = LGPopularRepositories.h; sourceTree = "<group>"; };
		6A0BABE8196E560000A136BB /* LGPopularRepositories.m */ = {isa = PBXFileReference; fileEncoding = 4; lastKnownFileType = sourcecode.c.objc; path = LGPopularRepositories.m; sourceTree = "<group>"; };
		6A53625B1988BE59008A949C /* LGTestPort.h */ = {isa = PBXFileReference; fileEncoding = 4; lastKnownFileType = sourcecode.c.h; path = LGTestPort.h; sourceTree = "<group>"; };
		6A53625C1988BE59008A949C /* LGTestPort.m */ = {isa = PBXFileReference; fileEncoding = 4; lastKnownFileType = sourcecode.c.objc; path = LGTestPort.m; sourceTree = "<group>"; };
		8B6A3198195B7AC1007A7A16 /* linde-logo@400px.png */ = {isa = PBXFileReference; lastKnownFileType = image.png; path = "linde-logo@400px.png"; sourceTree = "<group>"; };
		8BB217F519709A2C00EF8B93 /* AutoPkgrIcon.png */ = {isa = PBXFileReference; lastKnownFileType = image.png; path = AutoPkgrIcon.png; sourceTree = "<group>"; };
		BE025CF419BAE93400D36345 /* LGAutoPkgTask.h */ = {isa = PBXFileReference; fileEncoding = 4; lastKnownFileType = sourcecode.c.h; path = LGAutoPkgTask.h; sourceTree = "<group>"; };
		BE025CF519BAE93400D36345 /* LGAutoPkgTask.m */ = {isa = PBXFileReference; fileEncoding = 4; lastKnownFileType = sourcecode.c.objc; path = LGAutoPkgTask.m; sourceTree = "<group>"; };
		BE025CFC19BAEF8800D36345 /* LGAutoPkgSchedule.h */ = {isa = PBXFileReference; fileEncoding = 4; lastKnownFileType = sourcecode.c.h; path = LGAutoPkgSchedule.h; sourceTree = "<group>"; };
		BE025CFD19BAEF8800D36345 /* LGAutoPkgSchedule.m */ = {isa = PBXFileReference; fileEncoding = 4; lastKnownFileType = sourcecode.c.objc; path = LGAutoPkgSchedule.m; sourceTree = "<group>"; };
		BE34DF2B19AA21E200DC2FAF /* LGAutoPkgr.h */ = {isa = PBXFileReference; lastKnownFileType = sourcecode.c.h; path = LGAutoPkgr.h; sourceTree = "<group>"; };
		BE57AC2B19BA3BBC00BB17B1 /* en */ = {isa = PBXFileReference; lastKnownFileType = text.plist.strings; name = en; path = en.lproj/Localizable.strings; sourceTree = "<group>"; };
		BE8799491995BA410082472B /* LGDefaults.h */ = {isa = PBXFileReference; fileEncoding = 4; lastKnownFileType = sourcecode.c.h; path = LGDefaults.h; sourceTree = "<group>"; };
		BE87994A1995BA410082472B /* LGDefaults.m */ = {isa = PBXFileReference; fileEncoding = 4; lastKnownFileType = sourcecode.c.objc; path = LGDefaults.m; sourceTree = "<group>"; };
		BE94AA7B19BB8A78001A00D0 /* LGProgressDelegate.h */ = {isa = PBXFileReference; lastKnownFileType = sourcecode.c.h; path = LGProgressDelegate.h; sourceTree = "<group>"; };
		BECFF2BE19CA9927004C2721 /* Resign_CodeSign_RunScript.py */ = {isa = PBXFileReference; lastKnownFileType = text.script.python; path = Resign_CodeSign_RunScript.py; sourceTree = "<group>"; };
		BEFC931B1995F0710074C938 /* LGError.h */ = {isa = PBXFileReference; fileEncoding = 4; lastKnownFileType = sourcecode.c.h; path = LGError.h; sourceTree = "<group>"; };
		BEFC931C1995F0710074C938 /* LGError.m */ = {isa = PBXFileReference; fileEncoding = 4; lastKnownFileType = sourcecode.c.objc; path = LGError.m; sourceTree = "<group>"; };
/* End PBXFileReference section */

/* Begin PBXFrameworksBuildPhase section */
		1AC6954A195B59ED00D2BD81 /* Frameworks */ = {
			isa = PBXFrameworksBuildPhase;
			buildActionMask = 2147483647;
			files = (
				1A0A86B1195CE69300A49434 /* Security.framework in Frameworks */,
				1A0A86AF195CE63900A49434 /* MailCore.framework in Frameworks */,
				1AC69551195B59ED00D2BD81 /* Cocoa.framework in Frameworks */,
			);
			runOnlyForDeploymentPostprocessing = 0;
		};
		1AC6956B195B59EE00D2BD81 /* Frameworks */ = {
			isa = PBXFrameworksBuildPhase;
			buildActionMask = 2147483647;
			files = (
				1AC69571195B59EE00D2BD81 /* Cocoa.framework in Frameworks */,
				1AC69570195B59EE00D2BD81 /* XCTest.framework in Frameworks */,
			);
			runOnlyForDeploymentPostprocessing = 0;
		};
/* End PBXFrameworksBuildPhase section */

/* Begin PBXGroup section */
		1A0A869E195CE5DB00A49434 /* Products */ = {
			isa = PBXGroup;
			children = (
				1A0A86A6195CE5DC00A49434 /* libMailCore.a */,
				1A0A86A8195CE5DC00A49434 /* libMailCore-ios.a */,
				1A0A86AA195CE5DC00A49434 /* tests */,
				1A0A86AC195CE5DC00A49434 /* test-ios.app */,
				1A0A86AE195CE5DC00A49434 /* MailCore.framework */,
			);
			name = Products;
			sourceTree = "<group>";
		};
		1AC69544195B59ED00D2BD81 = {
			isa = PBXGroup;
			children = (
				BECFF2BE19CA9927004C2721 /* Resign_CodeSign_RunScript.py */,
				1AC69556195B59ED00D2BD81 /* AutoPkgr */,
				1AC69574195B59EE00D2BD81 /* AutoPkgrTests */,
				1AC6954F195B59ED00D2BD81 /* Frameworks */,
				1AC6954E195B59ED00D2BD81 /* Products */,
				1AC98413195CE9860071CAB3 /* Other Sources */,
			);
			sourceTree = "<group>";
		};
		1AC6954E195B59ED00D2BD81 /* Products */ = {
			isa = PBXGroup;
			children = (
				1AC6954D195B59ED00D2BD81 /* AutoPkgr.app */,
				1AC6956E195B59EE00D2BD81 /* AutoPkgrTests.xctest */,
			);
			name = Products;
			sourceTree = "<group>";
		};
		1AC6954F195B59ED00D2BD81 /* Frameworks */ = {
			isa = PBXGroup;
			children = (
				1A0A86B0195CE69300A49434 /* Security.framework */,
				1AC69550195B59ED00D2BD81 /* Cocoa.framework */,
				1AC6956F195B59EE00D2BD81 /* XCTest.framework */,
				1AC69552195B59ED00D2BD81 /* Other Frameworks */,
			);
			name = Frameworks;
			sourceTree = "<group>";
		};
		1AC69552195B59ED00D2BD81 /* Other Frameworks */ = {
			isa = PBXGroup;
			children = (
				1AC69553195B59ED00D2BD81 /* AppKit.framework */,
				1AC69554195B59ED00D2BD81 /* CoreData.framework */,
				1AC69555195B59ED00D2BD81 /* Foundation.framework */,
			);
			name = "Other Frameworks";
			sourceTree = "<group>";
		};
		1AC69556195B59ED00D2BD81 /* AutoPkgr */ = {
			isa = PBXGroup;
			children = (
				1AC86D36195E0972006FDD2B /* Models */,
				1A0A869D195CE5DB00A49434 /* mailcore2.xcodeproj */,
				BE34DF2B19AA21E200DC2FAF /* LGAutoPkgr.h */,
				1AC69562195B59EE00D2BD81 /* LGAppDelegate.h */,
				1AC69563195B59EE00D2BD81 /* LGAppDelegate.m */,
				BE94AA7B19BB8A78001A00D0 /* LGProgressDelegate.h */,
				1AC98410195CE8510071CAB3 /* LGEmailer.h */,
				1AC98411195CE8520071CAB3 /* LGEmailer.m */,
				1AC98408195CE7D60071CAB3 /* LGConstants.h */,
				1AC98409195CE7D60071CAB3 /* LGConstants.m */,
				BE025CF419BAE93400D36345 /* LGAutoPkgTask.h */,
				BE025CF519BAE93400D36345 /* LGAutoPkgTask.m */,
				1AC9841C195CEC350071CAB3 /* LGConfigurationWindowController.h */,
				1AC9841D195CEC350071CAB3 /* LGConfigurationWindowController.m */,
				BE025CFC19BAEF8800D36345 /* LGAutoPkgSchedule.h */,
				BE025CFD19BAEF8800D36345 /* LGAutoPkgSchedule.m */,
				1A979FDE1960BCCC00EE9881 /* LGUnzipper.h */,
				1A979FDF1960BCCC00EE9881 /* LGUnzipper.m */,
				6A0BABE7196E560000A136BB /* LGPopularRepositories.h */,
				6A0BABE8196E560000A136BB /* LGPopularRepositories.m */,
				6A0ACE32196FB349002C7FE4 /* LGApplications.h */,
				6A0ACE33196FB349002C7FE4 /* LGApplications.m */,
				1A1BAD94197A0407008192A7 /* LGVersionComparator.h */,
				1A1BAD95197A0407008192A7 /* LGVersionComparator.m */,
				6A53625B1988BE59008A949C /* LGTestPort.h */,
				6A53625C1988BE59008A949C /* LGTestPort.m */,
				1AC9841E195CEC360071CAB3 /* LGConfigurationWindowController.xib */,
				1AC69565195B59EE00D2BD81 /* MainMenu.xib */,
				1AC69568195B59EE00D2BD81 /* Images.xcassets */,
				1AC98423195DF6270071CAB3 /* Resources */,
				1AC69557195B59ED00D2BD81 /* Supporting Files */,
			);
			path = AutoPkgr;
			sourceTree = "<group>";
		};
		1AC69557195B59ED00D2BD81 /* Supporting Files */ = {
			isa = PBXGroup;
			children = (
				1AC69558195B59ED00D2BD81 /* AutoPkgr-Info.plist */,
				1AC69559195B59ED00D2BD81 /* InfoPlist.strings */,
				BE57AC2C19BA3BBC00BB17B1 /* Localizable.strings */,
				1AC6955C195B59ED00D2BD81 /* main.m */,
				1AC6955E195B59EE00D2BD81 /* AutoPkgr-Prefix.pch */,
				1AC6955F195B59EE00D2BD81 /* Credits.rtf */,
			);
			name = "Supporting Files";
			sourceTree = "<group>";
		};
		1AC69574195B59EE00D2BD81 /* AutoPkgrTests */ = {
			isa = PBXGroup;
			children = (
				1AC6957A195B59EE00D2BD81 /* AutoPkgrTests.m */,
				1AC69575195B59EE00D2BD81 /* Supporting Files */,
			);
			path = AutoPkgrTests;
			sourceTree = "<group>";
		};
		1AC69575195B59EE00D2BD81 /* Supporting Files */ = {
			isa = PBXGroup;
			children = (
				1AC69576195B59EE00D2BD81 /* AutoPkgrTests-Info.plist */,
				1AC69577195B59EE00D2BD81 /* InfoPlist.strings */,
			);
			name = "Supporting Files";
			sourceTree = "<group>";
		};
		1AC86D36195E0972006FDD2B /* Models */ = {
			isa = PBXGroup;
			children = (
				1AC86D3B195E0AC6006FDD2B /* LGHostInfo.h */,
				1AC86D3C195E0AC6006FDD2B /* LGHostInfo.m */,
				1A1BAD9C197A4133008192A7 /* LGGitHubJSONLoader.h */,
				1A1BAD9D197A4133008192A7 /* LGGitHubJSONLoader.m */,
				BEFC931B1995F0710074C938 /* LGError.h */,
				BEFC931C1995F0710074C938 /* LGError.m */,
				BE8799491995BA410082472B /* LGDefaults.h */,
				BE87994A1995BA410082472B /* LGDefaults.m */,
			);
			name = Models;
			sourceTree = "<group>";
		};
		1AC98413195CE9860071CAB3 /* Other Sources */ = {
			isa = PBXGroup;
			children = (
				1AC98414195CE99E0071CAB3 /* SSKeychain.h */,
				1AC98415195CE99E0071CAB3 /* SSKeychain.m */,
			);
			name = "Other Sources";
			sourceTree = "<group>";
		};
		1AC98423195DF6270071CAB3 /* Resources */ = {
			isa = PBXGroup;
			children = (
				8BB217F519709A2C00EF8B93 /* AutoPkgrIcon.png */,
				1AC98425195DF6350071CAB3 /* autopkgr.png */,
				1AC98428195DF6DE0071CAB3 /* autopkgr_alt.png */,
				8B6A3198195B7AC1007A7A16 /* linde-logo@400px.png */,
			);
			name = Resources;
			sourceTree = "<group>";
		};
/* End PBXGroup section */

/* Begin PBXNativeTarget section */
		1AC6954C195B59ED00D2BD81 /* AutoPkgr */ = {
			isa = PBXNativeTarget;
			buildConfigurationList = 1AC6957E195B59EE00D2BD81 /* Build configuration list for PBXNativeTarget "AutoPkgr" */;
			buildPhases = (
				BECFF2B619CA9854004C2721 /* ShellScript */,
				1AC69549195B59ED00D2BD81 /* Sources */,
				1AC6954A195B59ED00D2BD81 /* Frameworks */,
				1AC6954B195B59ED00D2BD81 /* Resources */,
				1A0A86B4195CE6BF00A49434 /* CopyFiles */,
			);
			buildRules = (
			);
			dependencies = (
				1A0A86B3195CE6B500A49434 /* PBXTargetDependency */,
			);
			name = AutoPkgr;
			productName = AutoPkgr;
			productReference = 1AC6954D195B59ED00D2BD81 /* AutoPkgr.app */;
			productType = "com.apple.product-type.application";
		};
		1AC6956D195B59EE00D2BD81 /* AutoPkgrTests */ = {
			isa = PBXNativeTarget;
			buildConfigurationList = 1AC69581195B59EE00D2BD81 /* Build configuration list for PBXNativeTarget "AutoPkgrTests" */;
			buildPhases = (
				1AC6956A195B59EE00D2BD81 /* Sources */,
				1AC6956B195B59EE00D2BD81 /* Frameworks */,
				1AC6956C195B59EE00D2BD81 /* Resources */,
			);
			buildRules = (
			);
			dependencies = (
				1AC69573195B59EE00D2BD81 /* PBXTargetDependency */,
			);
			name = AutoPkgrTests;
			productName = AutoPkgrTests;
			productReference = 1AC6956E195B59EE00D2BD81 /* AutoPkgrTests.xctest */;
			productType = "com.apple.product-type.bundle.unit-test";
		};
/* End PBXNativeTarget section */

/* Begin PBXProject section */
		1AC69545195B59ED00D2BD81 /* Project object */ = {
			isa = PBXProject;
			attributes = {
				CLASSPREFIX = LG;
				LastUpgradeCheck = 0510;
				ORGANIZATIONNAME = "The Linde Group, Inc.";
				TargetAttributes = {
					1AC6956D195B59EE00D2BD81 = {
						TestTargetID = 1AC6954C195B59ED00D2BD81;
					};
				};
			};
			buildConfigurationList = 1AC69548195B59ED00D2BD81 /* Build configuration list for PBXProject "AutoPkgr" */;
			compatibilityVersion = "Xcode 3.2";
			developmentRegion = English;
			hasScannedForEncodings = 0;
			knownRegions = (
				en,
				Base,
			);
			mainGroup = 1AC69544195B59ED00D2BD81;
			productRefGroup = 1AC6954E195B59ED00D2BD81 /* Products */;
			projectDirPath = "";
			projectReferences = (
				{
					ProductGroup = 1A0A869E195CE5DB00A49434 /* Products */;
					ProjectRef = 1A0A869D195CE5DB00A49434 /* mailcore2.xcodeproj */;
				},
			);
			projectRoot = "";
			targets = (
				1AC6954C195B59ED00D2BD81 /* AutoPkgr */,
				1AC6956D195B59EE00D2BD81 /* AutoPkgrTests */,
			);
		};
/* End PBXProject section */

/* Begin PBXReferenceProxy section */
		1A0A86A6195CE5DC00A49434 /* libMailCore.a */ = {
			isa = PBXReferenceProxy;
			fileType = archive.ar;
			path = libMailCore.a;
			remoteRef = 1A0A86A5195CE5DC00A49434 /* PBXContainerItemProxy */;
			sourceTree = BUILT_PRODUCTS_DIR;
		};
		1A0A86A8195CE5DC00A49434 /* libMailCore-ios.a */ = {
			isa = PBXReferenceProxy;
			fileType = archive.ar;
			path = "libMailCore-ios.a";
			remoteRef = 1A0A86A7195CE5DC00A49434 /* PBXContainerItemProxy */;
			sourceTree = BUILT_PRODUCTS_DIR;
		};
		1A0A86AA195CE5DC00A49434 /* tests */ = {
			isa = PBXReferenceProxy;
			fileType = "compiled.mach-o.executable";
			path = tests;
			remoteRef = 1A0A86A9195CE5DC00A49434 /* PBXContainerItemProxy */;
			sourceTree = BUILT_PRODUCTS_DIR;
		};
		1A0A86AC195CE5DC00A49434 /* test-ios.app */ = {
			isa = PBXReferenceProxy;
			fileType = wrapper.application;
			path = "test-ios.app";
			remoteRef = 1A0A86AB195CE5DC00A49434 /* PBXContainerItemProxy */;
			sourceTree = BUILT_PRODUCTS_DIR;
		};
		1A0A86AE195CE5DC00A49434 /* MailCore.framework */ = {
			isa = PBXReferenceProxy;
			fileType = wrapper.framework;
			path = MailCore.framework;
			remoteRef = 1A0A86AD195CE5DC00A49434 /* PBXContainerItemProxy */;
			sourceTree = BUILT_PRODUCTS_DIR;
		};
/* End PBXReferenceProxy section */

/* Begin PBXResourcesBuildPhase section */
		1AC6954B195B59ED00D2BD81 /* Resources */ = {
			isa = PBXResourcesBuildPhase;
			buildActionMask = 2147483647;
			files = (
				1AC98429195DF6DE0071CAB3 /* autopkgr_alt.png in Resources */,
				8BB217F619709A2C00EF8B93 /* AutoPkgrIcon.png in Resources */,
				1AC6955B195B59ED00D2BD81 /* InfoPlist.strings in Resources */,
				1AC69569195B59EE00D2BD81 /* Images.xcassets in Resources */,
				1AC98420195CEC360071CAB3 /* LGConfigurationWindowController.xib in Resources */,
				BE57AC2A19BA3BBC00BB17B1 /* Localizable.strings in Resources */,
				8B6A3199195B7AC1007A7A16 /* linde-logo@400px.png in Resources */,
				1AC98427195DF6350071CAB3 /* autopkgr.png in Resources */,
				1AC69561195B59EE00D2BD81 /* Credits.rtf in Resources */,
				1AC69567195B59EE00D2BD81 /* MainMenu.xib in Resources */,
			);
			runOnlyForDeploymentPostprocessing = 0;
		};
		1AC6956C195B59EE00D2BD81 /* Resources */ = {
			isa = PBXResourcesBuildPhase;
			buildActionMask = 2147483647;
			files = (
				1AC69579195B59EE00D2BD81 /* InfoPlist.strings in Resources */,
			);
			runOnlyForDeploymentPostprocessing = 0;
		};
/* End PBXResourcesBuildPhase section */

/* Begin PBXShellScriptBuildPhase section */
		BECFF2B619CA9854004C2721 /* ShellScript */ = {
			isa = PBXShellScriptBuildPhase;
			buildActionMask = 2147483647;
			files = (
			);
			inputPaths = (
			);
			outputPaths = (
			);
			runOnlyForDeploymentPostprocessing = 0;
			shellPath = /bin/sh;
			shellScript = "#Update build number with number of git commits if in release mode\n\n[[ ${CONFIGURATION} != \"Release\" ]] && exit 0\n\nbuildNumber=$(git rev-list HEAD | wc -l | tr -d ' ')\n/usr/libexec/PlistBuddy -c \"Set :CFBundleVersion $buildNumber\" \"${PROJECT_DIR}/${INFOPLIST_FILE}\"\n";
		};
/* End PBXShellScriptBuildPhase section */

/* Begin PBXSourcesBuildPhase section */
		1AC69549195B59ED00D2BD81 /* Sources */ = {
			isa = PBXSourcesBuildPhase;
			buildActionMask = 2147483647;
			files = (
				1AC86D3D195E0AC6006FDD2B /* LGHostInfo.m in Sources */,
				1A1BAD96197A0407008192A7 /* LGVersionComparator.m in Sources */,
				1AC98412195CE8520071CAB3 /* LGEmailer.m in Sources */,
				BE025CFE19BAEF8800D36345 /* LGAutoPkgSchedule.m in Sources */,
				6A0ACE34196FB349002C7FE4 /* LGApplications.m in Sources */,
				1AC9841F195CEC360071CAB3 /* LGConfigurationWindowController.m in Sources */,
				1A1BAD9E197A4133008192A7 /* LGGitHubJSONLoader.m in Sources */,
				1AC6955D195B59EE00D2BD81 /* main.m in Sources */,
				6A53625D1988BE59008A949C /* LGTestPort.m in Sources */,
				1AC69564195B59EE00D2BD81 /* LGAppDelegate.m in Sources */,
				BE87994B1995BA410082472B /* LGDefaults.m in Sources */,
				1AC9840A195CE7D60071CAB3 /* LGConstants.m in Sources */,
				BEFC931D1995F0710074C938 /* LGError.m in Sources */,
				1AC98416195CE99E0071CAB3 /* SSKeychain.m in Sources */,
				1A979FE01960BCCC00EE9881 /* LGUnzipper.m in Sources */,
				BE025CF619BAE93400D36345 /* LGAutoPkgTask.m in Sources */,
				6A0BABE9196E560000A136BB /* LGPopularRepositories.m in Sources */,
			);
			runOnlyForDeploymentPostprocessing = 0;
		};
		1AC6956A195B59EE00D2BD81 /* Sources */ = {
			isa = PBXSourcesBuildPhase;
			buildActionMask = 2147483647;
			files = (
				BE025CFF19BAEF8800D36345 /* LGAutoPkgSchedule.m in Sources */,
				1AC6957B195B59EE00D2BD81 /* AutoPkgrTests.m in Sources */,
				BE025CF719BAE93400D36345 /* LGAutoPkgTask.m in Sources */,
			);
			runOnlyForDeploymentPostprocessing = 0;
		};
/* End PBXSourcesBuildPhase section */

/* Begin PBXTargetDependency section */
		1A0A86B3195CE6B500A49434 /* PBXTargetDependency */ = {
			isa = PBXTargetDependency;
			name = "mailcore osx";
			targetProxy = 1A0A86B2195CE6B500A49434 /* PBXContainerItemProxy */;
		};
		1AC69573195B59EE00D2BD81 /* PBXTargetDependency */ = {
			isa = PBXTargetDependency;
			target = 1AC6954C195B59ED00D2BD81 /* AutoPkgr */;
			targetProxy = 1AC69572195B59EE00D2BD81 /* PBXContainerItemProxy */;
		};
/* End PBXTargetDependency section */

/* Begin PBXVariantGroup section */
		1AC69559195B59ED00D2BD81 /* InfoPlist.strings */ = {
			isa = PBXVariantGroup;
			children = (
				1AC6955A195B59ED00D2BD81 /* en */,
			);
			name = InfoPlist.strings;
			sourceTree = "<group>";
		};
		1AC6955F195B59EE00D2BD81 /* Credits.rtf */ = {
			isa = PBXVariantGroup;
			children = (
				1AC69560195B59EE00D2BD81 /* en */,
			);
			name = Credits.rtf;
			sourceTree = "<group>";
		};
		1AC69565195B59EE00D2BD81 /* MainMenu.xib */ = {
			isa = PBXVariantGroup;
			children = (
				1AC69566195B59EE00D2BD81 /* Base */,
			);
			name = MainMenu.xib;
			sourceTree = "<group>";
		};
		1AC69577195B59EE00D2BD81 /* InfoPlist.strings */ = {
			isa = PBXVariantGroup;
			children = (
				1AC69578195B59EE00D2BD81 /* en */,
			);
			name = InfoPlist.strings;
			sourceTree = "<group>";
		};
		BE57AC2C19BA3BBC00BB17B1 /* Localizable.strings */ = {
			isa = PBXVariantGroup;
			children = (
				BE57AC2B19BA3BBC00BB17B1 /* en */,
			);
			name = Localizable.strings;
			path = ..;
			sourceTree = "<group>";
		};
/* End PBXVariantGroup section */

/* Begin XCBuildConfiguration section */
		1AC6957C195B59EE00D2BD81 /* Debug */ = {
			isa = XCBuildConfiguration;
			buildSettings = {
				ALWAYS_SEARCH_USER_PATHS = NO;
				CLANG_CXX_LANGUAGE_STANDARD = "gnu++0x";
				CLANG_CXX_LIBRARY = "libc++";
				CLANG_ENABLE_MODULES = YES;
				CLANG_ENABLE_OBJC_ARC = YES;
				CLANG_WARN_BOOL_CONVERSION = YES;
				CLANG_WARN_CONSTANT_CONVERSION = YES;
				CLANG_WARN_DIRECT_OBJC_ISA_USAGE = YES_ERROR;
				CLANG_WARN_EMPTY_BODY = YES;
				CLANG_WARN_ENUM_CONVERSION = YES;
				CLANG_WARN_INT_CONVERSION = YES;
				CLANG_WARN_OBJC_ROOT_CLASS = YES_ERROR;
				CLANG_WARN__DUPLICATE_METHOD_MATCH = YES;
				COPY_PHASE_STRIP = NO;
				GCC_C_LANGUAGE_STANDARD = gnu99;
				GCC_DYNAMIC_NO_PIC = NO;
				GCC_ENABLE_OBJC_EXCEPTIONS = YES;
				GCC_OPTIMIZATION_LEVEL = 0;
				GCC_PREPROCESSOR_DEFINITIONS = (
					"DEBUG=1",
					"$(inherited)",
				);
				GCC_SYMBOLS_PRIVATE_EXTERN = NO;
				GCC_WARN_64_TO_32_BIT_CONVERSION = YES;
				GCC_WARN_ABOUT_RETURN_TYPE = YES_ERROR;
				GCC_WARN_UNDECLARED_SELECTOR = YES;
				GCC_WARN_UNINITIALIZED_AUTOS = YES_AGGRESSIVE;
				GCC_WARN_UNUSED_FUNCTION = YES;
				GCC_WARN_UNUSED_VARIABLE = YES;
				MACOSX_DEPLOYMENT_TARGET = 10.9;
				ONLY_ACTIVE_ARCH = YES;
				SDKROOT = macosx;
			};
			name = Debug;
		};
		1AC6957D195B59EE00D2BD81 /* Release */ = {
			isa = XCBuildConfiguration;
			buildSettings = {
				ALWAYS_SEARCH_USER_PATHS = NO;
				CLANG_CXX_LANGUAGE_STANDARD = "gnu++0x";
				CLANG_CXX_LIBRARY = "libc++";
				CLANG_ENABLE_MODULES = YES;
				CLANG_ENABLE_OBJC_ARC = YES;
				CLANG_WARN_BOOL_CONVERSION = YES;
				CLANG_WARN_CONSTANT_CONVERSION = YES;
				CLANG_WARN_DIRECT_OBJC_ISA_USAGE = YES_ERROR;
				CLANG_WARN_EMPTY_BODY = YES;
				CLANG_WARN_ENUM_CONVERSION = YES;
				CLANG_WARN_INT_CONVERSION = YES;
				CLANG_WARN_OBJC_ROOT_CLASS = YES_ERROR;
				CLANG_WARN__DUPLICATE_METHOD_MATCH = YES;
				COPY_PHASE_STRIP = YES;
				DEBUG_INFORMATION_FORMAT = "dwarf-with-dsym";
				ENABLE_NS_ASSERTIONS = NO;
				GCC_C_LANGUAGE_STANDARD = gnu99;
				GCC_ENABLE_OBJC_EXCEPTIONS = YES;
				GCC_WARN_64_TO_32_BIT_CONVERSION = YES;
				GCC_WARN_ABOUT_RETURN_TYPE = YES_ERROR;
				GCC_WARN_UNDECLARED_SELECTOR = YES;
				GCC_WARN_UNINITIALIZED_AUTOS = YES_AGGRESSIVE;
				GCC_WARN_UNUSED_FUNCTION = YES;
				GCC_WARN_UNUSED_VARIABLE = YES;
				MACOSX_DEPLOYMENT_TARGET = 10.9;
				SDKROOT = macosx;
			};
			name = Release;
		};
		1AC6957F195B59EE00D2BD81 /* Debug */ = {
			isa = XCBuildConfiguration;
			buildSettings = {
				ASSETCATALOG_COMPILER_APPICON_NAME = AppIcon;
				CODE_SIGN_IDENTITY = "Developer ID Application";
				COMBINE_HIDPI_IMAGES = YES;
				GCC_PRECOMPILE_PREFIX_HEADER = YES;
				GCC_PREFIX_HEADER = "AutoPkgr/AutoPkgr-Prefix.pch";
				INFOPLIST_FILE = "AutoPkgr/AutoPkgr-Info.plist";
				MACOSX_DEPLOYMENT_TARGET = 10.8;
				PRODUCT_NAME = "$(TARGET_NAME)";
				WRAPPER_EXTENSION = app;
			};
			name = Debug;
		};
		1AC69580195B59EE00D2BD81 /* Release */ = {
			isa = XCBuildConfiguration;
			buildSettings = {
				ASSETCATALOG_COMPILER_APPICON_NAME = AppIcon;
				CODE_SIGN_IDENTITY = "Developer ID Application";
				COMBINE_HIDPI_IMAGES = YES;
				GCC_PRECOMPILE_PREFIX_HEADER = YES;
				GCC_PREFIX_HEADER = "AutoPkgr/AutoPkgr-Prefix.pch";
				INFOPLIST_FILE = "AutoPkgr/AutoPkgr-Info.plist";
				MACOSX_DEPLOYMENT_TARGET = 10.8;
				PRODUCT_NAME = "$(TARGET_NAME)";
				WRAPPER_EXTENSION = app;
			};
			name = Release;
		};
		1AC69582195B59EE00D2BD81 /* Debug */ = {
			isa = XCBuildConfiguration;
			buildSettings = {
				BUNDLE_LOADER = "$(BUILT_PRODUCTS_DIR)/AutoPkgr.app/Contents/MacOS/AutoPkgr";
				COMBINE_HIDPI_IMAGES = YES;
				FRAMEWORK_SEARCH_PATHS = (
					"$(DEVELOPER_FRAMEWORKS_DIR)",
					"$(inherited)",
				);
				GCC_PRECOMPILE_PREFIX_HEADER = YES;
				GCC_PREFIX_HEADER = "AutoPkgr/AutoPkgr-Prefix.pch";
				GCC_PREPROCESSOR_DEFINITIONS = (
					"DEBUG=1",
					"$(inherited)",
				);
				INFOPLIST_FILE = "AutoPkgrTests/AutoPkgrTests-Info.plist";
				PRODUCT_NAME = "$(TARGET_NAME)";
				TEST_HOST = "$(BUNDLE_LOADER)";
				WRAPPER_EXTENSION = xctest;
			};
			name = Debug;
		};
		1AC69583195B59EE00D2BD81 /* Release */ = {
			isa = XCBuildConfiguration;
			buildSettings = {
				BUNDLE_LOADER = "$(BUILT_PRODUCTS_DIR)/AutoPkgr.app/Contents/MacOS/AutoPkgr";
				COMBINE_HIDPI_IMAGES = YES;
				FRAMEWORK_SEARCH_PATHS = (
					"$(DEVELOPER_FRAMEWORKS_DIR)",
					"$(inherited)",
				);
				GCC_PRECOMPILE_PREFIX_HEADER = YES;
				GCC_PREFIX_HEADER = "AutoPkgr/AutoPkgr-Prefix.pch";
				INFOPLIST_FILE = "AutoPkgrTests/AutoPkgrTests-Info.plist";
				PRODUCT_NAME = "$(TARGET_NAME)";
				TEST_HOST = "$(BUNDLE_LOADER)";
				WRAPPER_EXTENSION = xctest;
			};
			name = Release;
		};
/* End XCBuildConfiguration section */

/* Begin XCConfigurationList section */
		1AC69548195B59ED00D2BD81 /* Build configuration list for PBXProject "AutoPkgr" */ = {
			isa = XCConfigurationList;
			buildConfigurations = (
				1AC6957C195B59EE00D2BD81 /* Debug */,
				1AC6957D195B59EE00D2BD81 /* Release */,
			);
			defaultConfigurationIsVisible = 0;
			defaultConfigurationName = Release;
		};
		1AC6957E195B59EE00D2BD81 /* Build configuration list for PBXNativeTarget "AutoPkgr" */ = {
			isa = XCConfigurationList;
			buildConfigurations = (
				1AC6957F195B59EE00D2BD81 /* Debug */,
				1AC69580195B59EE00D2BD81 /* Release */,
			);
			defaultConfigurationIsVisible = 0;
			defaultConfigurationName = Release;
		};
		1AC69581195B59EE00D2BD81 /* Build configuration list for PBXNativeTarget "AutoPkgrTests" */ = {
			isa = XCConfigurationList;
			buildConfigurations = (
				1AC69582195B59EE00D2BD81 /* Debug */,
				1AC69583195B59EE00D2BD81 /* Release */,
			);
			defaultConfigurationIsVisible = 0;
			defaultConfigurationName = Release;
		};
/* End XCConfigurationList section */
	};
	rootObject = 1AC69545195B59ED00D2BD81 /* Project object */;
}
