<?xml version="1.0" encoding="UTF-8"?>
<!DOCTYPE plist PUBLIC "-//Apple//DTD PLIST 1.0//EN" "http://www.apple.com/DTDs/PropertyList-1.0.dtd">
<plist version="1.0">
<dict>
	<key>archiveVersion</key>
	<string>1</string>
	<key>classes</key>
	<dict/>
	<key>objectVersion</key>
	<string>46</string>
	<key>objects</key>
	<dict>
		<key>1A0A869D195CE5DB00A49434</key>
		<dict>
			<key>isa</key>
			<string>PBXFileReference</string>
			<key>lastKnownFileType</key>
			<string>wrapper.pb-project</string>
			<key>name</key>
			<string>mailcore2.xcodeproj</string>
			<key>path</key>
			<string>mailcore2/build-mac/mailcore2.xcodeproj</string>
			<key>sourceTree</key>
			<string>SOURCE_ROOT</string>
		</dict>
		<key>1A0A869E195CE5DB00A49434</key>
		<dict>
			<key>children</key>
			<array>
				<string>1A0A86A6195CE5DC00A49434</string>
				<string>1A0A86A8195CE5DC00A49434</string>
				<string>1A0A86AA195CE5DC00A49434</string>
				<string>1A0A86AC195CE5DC00A49434</string>
				<string>1A0A86AE195CE5DC00A49434</string>
				<string>BEB068C71A06AE280007E29E</string>
				<string>BEB068C91A06AE280007E29E</string>
			</array>
			<key>isa</key>
			<string>PBXGroup</string>
			<key>name</key>
			<string>Products</string>
			<key>sourceTree</key>
			<string>&lt;group&gt;</string>
		</dict>
		<key>1A0A86A5195CE5DC00A49434</key>
		<dict>
			<key>containerPortal</key>
			<string>1A0A869D195CE5DB00A49434</string>
			<key>isa</key>
			<string>PBXContainerItemProxy</string>
			<key>proxyType</key>
			<string>2</string>
			<key>remoteGlobalIDString</key>
			<string>C64EA537169E772200778456</string>
			<key>remoteInfo</key>
			<string>static mailcore2 osx</string>
		</dict>
		<key>1A0A86A6195CE5DC00A49434</key>
		<dict>
			<key>fileType</key>
			<string>archive.ar</string>
			<key>isa</key>
			<string>PBXReferenceProxy</string>
			<key>path</key>
			<string>libMailCore.a</string>
			<key>remoteRef</key>
			<string>1A0A86A5195CE5DC00A49434</string>
			<key>sourceTree</key>
			<string>BUILT_PRODUCTS_DIR</string>
		</dict>
		<key>1A0A86A7195CE5DC00A49434</key>
		<dict>
			<key>containerPortal</key>
			<string>1A0A869D195CE5DB00A49434</string>
			<key>isa</key>
			<string>PBXContainerItemProxy</string>
			<key>proxyType</key>
			<string>2</string>
			<key>remoteGlobalIDString</key>
			<string>C6BA2C191705F4E6003F0E9E</string>
			<key>remoteInfo</key>
			<string>static mailcore2 ios</string>
		</dict>
		<key>1A0A86A8195CE5DC00A49434</key>
		<dict>
			<key>fileType</key>
			<string>archive.ar</string>
			<key>isa</key>
			<string>PBXReferenceProxy</string>
			<key>path</key>
			<string>libMailCore-ios.a</string>
			<key>remoteRef</key>
			<string>1A0A86A7195CE5DC00A49434</string>
			<key>sourceTree</key>
			<string>BUILT_PRODUCTS_DIR</string>
		</dict>
		<key>1A0A86A9195CE5DC00A49434</key>
		<dict>
			<key>containerPortal</key>
			<string>1A0A869D195CE5DB00A49434</string>
			<key>isa</key>
			<string>PBXContainerItemProxy</string>
			<key>proxyType</key>
			<string>2</string>
			<key>remoteGlobalIDString</key>
			<string>C64EA78C169F259200778456</string>
			<key>remoteInfo</key>
			<string>tests</string>
		</dict>
		<key>1A0A86AA195CE5DC00A49434</key>
		<dict>
			<key>fileType</key>
			<string>compiled.mach-o.executable</string>
			<key>isa</key>
			<string>PBXReferenceProxy</string>
			<key>path</key>
			<string>tests</string>
			<key>remoteRef</key>
			<string>1A0A86A9195CE5DC00A49434</string>
			<key>sourceTree</key>
			<string>BUILT_PRODUCTS_DIR</string>
		</dict>
		<key>1A0A86AB195CE5DC00A49434</key>
		<dict>
			<key>containerPortal</key>
			<string>1A0A869D195CE5DB00A49434</string>
			<key>isa</key>
			<string>PBXContainerItemProxy</string>
			<key>proxyType</key>
			<string>2</string>
			<key>remoteGlobalIDString</key>
			<string>C6A81B911706840C00882C15</string>
			<key>remoteInfo</key>
			<string>test-ios</string>
		</dict>
		<key>1A0A86AC195CE5DC00A49434</key>
		<dict>
			<key>fileType</key>
			<string>wrapper.application</string>
			<key>isa</key>
			<string>PBXReferenceProxy</string>
			<key>path</key>
			<string>test-ios.app</string>
			<key>remoteRef</key>
			<string>1A0A86AB195CE5DC00A49434</string>
			<key>sourceTree</key>
			<string>BUILT_PRODUCTS_DIR</string>
		</dict>
		<key>1A0A86AD195CE5DC00A49434</key>
		<dict>
			<key>containerPortal</key>
			<string>1A0A869D195CE5DB00A49434</string>
			<key>isa</key>
			<string>PBXContainerItemProxy</string>
			<key>proxyType</key>
			<string>2</string>
			<key>remoteGlobalIDString</key>
			<string>C6BD288D170BD71100A91AC1</string>
			<key>remoteInfo</key>
			<string>mailcore osx</string>
		</dict>
		<key>1A0A86AE195CE5DC00A49434</key>
		<dict>
			<key>fileType</key>
			<string>wrapper.framework</string>
			<key>isa</key>
			<string>PBXReferenceProxy</string>
			<key>path</key>
			<string>MailCore.framework</string>
			<key>remoteRef</key>
			<string>1A0A86AD195CE5DC00A49434</string>
			<key>sourceTree</key>
			<string>BUILT_PRODUCTS_DIR</string>
		</dict>
		<key>1A0A86AF195CE63900A49434</key>
		<dict>
			<key>fileRef</key>
			<string>1A0A86AE195CE5DC00A49434</string>
			<key>isa</key>
			<string>PBXBuildFile</string>
		</dict>
		<key>1A0A86B0195CE69300A49434</key>
		<dict>
			<key>isa</key>
			<string>PBXFileReference</string>
			<key>lastKnownFileType</key>
			<string>wrapper.framework</string>
			<key>name</key>
			<string>Security.framework</string>
			<key>path</key>
			<string>System/Library/Frameworks/Security.framework</string>
			<key>sourceTree</key>
			<string>SDKROOT</string>
		</dict>
		<key>1A0A86B1195CE69300A49434</key>
		<dict>
			<key>fileRef</key>
			<string>1A0A86B0195CE69300A49434</string>
			<key>isa</key>
			<string>PBXBuildFile</string>
		</dict>
		<key>1A0A86B2195CE6B500A49434</key>
		<dict>
			<key>containerPortal</key>
			<string>1A0A869D195CE5DB00A49434</string>
			<key>isa</key>
			<string>PBXContainerItemProxy</string>
			<key>proxyType</key>
			<string>1</string>
			<key>remoteGlobalIDString</key>
			<string>C6BD288C170BD71100A91AC1</string>
			<key>remoteInfo</key>
			<string>mailcore osx</string>
		</dict>
		<key>1A0A86B3195CE6B500A49434</key>
		<dict>
			<key>isa</key>
			<string>PBXTargetDependency</string>
			<key>name</key>
			<string>mailcore osx</string>
			<key>targetProxy</key>
			<string>1A0A86B2195CE6B500A49434</string>
		</dict>
		<key>1A0A86B4195CE6BF00A49434</key>
		<dict>
			<key>buildActionMask</key>
			<string>2147483647</string>
			<key>dstPath</key>
			<string></string>
			<key>dstSubfolderSpec</key>
			<string>10</string>
			<key>files</key>
			<array>
				<string>1A0A86B5195CE6D800A49434</string>
			</array>
			<key>isa</key>
			<string>PBXCopyFilesBuildPhase</string>
			<key>name</key>
			<string>Copy Files</string>
			<key>runOnlyForDeploymentPostprocessing</key>
			<string>0</string>
		</dict>
		<key>1A0A86B5195CE6D800A49434</key>
		<dict>
			<key>fileRef</key>
			<string>1A0A86AE195CE5DC00A49434</string>
			<key>isa</key>
			<string>PBXBuildFile</string>
			<key>settings</key>
			<dict>
				<key>ATTRIBUTES</key>
				<array>
					<string>CodeSignOnCopy</string>
				</array>
			</dict>
		</dict>
		<key>1A1BAD94197A0407008192A7</key>
		<dict>
			<key>fileEncoding</key>
			<string>4</string>
			<key>isa</key>
			<string>PBXFileReference</string>
			<key>lastKnownFileType</key>
			<string>sourcecode.c.h</string>
			<key>path</key>
			<string>LGVersionComparator.h</string>
			<key>sourceTree</key>
			<string>&lt;group&gt;</string>
		</dict>
		<key>1A1BAD95197A0407008192A7</key>
		<dict>
			<key>fileEncoding</key>
			<string>4</string>
			<key>isa</key>
			<string>PBXFileReference</string>
			<key>lastKnownFileType</key>
			<string>sourcecode.c.objc</string>
			<key>path</key>
			<string>LGVersionComparator.m</string>
			<key>sourceTree</key>
			<string>&lt;group&gt;</string>
		</dict>
		<key>1A1BAD96197A0407008192A7</key>
		<dict>
			<key>fileRef</key>
			<string>1A1BAD95197A0407008192A7</string>
			<key>isa</key>
			<string>PBXBuildFile</string>
		</dict>
		<key>1A1BAD9C197A4133008192A7</key>
		<dict>
			<key>fileEncoding</key>
			<string>4</string>
			<key>isa</key>
			<string>PBXFileReference</string>
			<key>lastKnownFileType</key>
			<string>sourcecode.c.h</string>
			<key>path</key>
			<string>LGGitHubJSONLoader.h</string>
			<key>sourceTree</key>
			<string>&lt;group&gt;</string>
		</dict>
		<key>1A1BAD9D197A4133008192A7</key>
		<dict>
			<key>fileEncoding</key>
			<string>4</string>
			<key>isa</key>
			<string>PBXFileReference</string>
			<key>lastKnownFileType</key>
			<string>sourcecode.c.objc</string>
			<key>path</key>
			<string>LGGitHubJSONLoader.m</string>
			<key>sourceTree</key>
			<string>&lt;group&gt;</string>
		</dict>
		<key>1A1BAD9E197A4133008192A7</key>
		<dict>
			<key>fileRef</key>
			<string>1A1BAD9D197A4133008192A7</string>
			<key>isa</key>
			<string>PBXBuildFile</string>
		</dict>
		<key>1A2C7FAC19CC9F8300CFF472</key>
		<dict>
			<key>children</key>
			<array>
				<string>1A2C7FAD19CC9F8300CFF472</string>
				<string>BE13A88919E2568D008A49A1</string>
			</array>
			<key>isa</key>
			<string>PBXGroup</string>
			<key>path</key>
			<string>scripts</string>
			<key>sourceTree</key>
			<string>SOURCE_ROOT</string>
		</dict>
		<key>1A2C7FAD19CC9F8300CFF472</key>
		<dict>
			<key>fileEncoding</key>
			<string>4</string>
			<key>isa</key>
			<string>PBXFileReference</string>
			<key>lastKnownFileType</key>
			<string>text.script.python</string>
			<key>path</key>
			<string>codesign.py</string>
			<key>sourceTree</key>
			<string>&lt;group&gt;</string>
		</dict>
		<key>1A2C7FAE19CC9F8300CFF472</key>
		<dict>
			<key>fileRef</key>
			<string>1A2C7FAD19CC9F8300CFF472</string>
			<key>isa</key>
			<string>PBXBuildFile</string>
		</dict>
		<key>1A56282C19CC01D600980AB9</key>
		<dict>
			<key>buildActionMask</key>
			<string>2147483647</string>
			<key>files</key>
			<array/>
			<key>inputPaths</key>
			<array/>
			<key>isa</key>
			<string>PBXShellScriptBuildPhase</string>
			<key>outputPaths</key>
			<array/>
			<key>runOnlyForDeploymentPostprocessing</key>
			<string>0</string>
			<key>shellPath</key>
			<string>/bin/sh</string>
			<key>shellScript</key>
			<string>"${PROJECT_DIR}/scripts/codesign.py"</string>
		</dict>
		<key>1A979FDE1960BCCC00EE9881</key>
		<dict>
			<key>fileEncoding</key>
			<string>4</string>
			<key>isa</key>
			<string>PBXFileReference</string>
			<key>lastKnownFileType</key>
			<string>sourcecode.c.h</string>
			<key>path</key>
			<string>LGUnzipper.h</string>
			<key>sourceTree</key>
			<string>&lt;group&gt;</string>
		</dict>
		<key>1A979FDF1960BCCC00EE9881</key>
		<dict>
			<key>fileEncoding</key>
			<string>4</string>
			<key>isa</key>
			<string>PBXFileReference</string>
			<key>lastKnownFileType</key>
			<string>sourcecode.c.objc</string>
			<key>path</key>
			<string>LGUnzipper.m</string>
			<key>sourceTree</key>
			<string>&lt;group&gt;</string>
		</dict>
		<key>1A979FE01960BCCC00EE9881</key>
		<dict>
			<key>fileRef</key>
			<string>1A979FDF1960BCCC00EE9881</string>
			<key>isa</key>
			<string>PBXBuildFile</string>
		</dict>
		<key>1AC69544195B59ED00D2BD81</key>
		<dict>
			<key>children</key>
			<array>
				<string>1AC69556195B59ED00D2BD81</string>
				<string>BE05CE6819DAF26B0089068B</string>
				<string>1AC6954F195B59ED00D2BD81</string>
				<string>1AC6954E195B59ED00D2BD81</string>
				<string>1AC69574195B59EE00D2BD81</string>
				<string>1A0A869D195CE5DB00A49434</string>
				<string>51AB14E0BF99455BB01C0946</string>
			</array>
			<key>isa</key>
			<string>PBXGroup</string>
			<key>sourceTree</key>
			<string>&lt;group&gt;</string>
		</dict>
		<key>1AC69545195B59ED00D2BD81</key>
		<dict>
			<key>attributes</key>
			<dict>
				<key>CLASSPREFIX</key>
				<string>LG</string>
				<key>LastUpgradeCheck</key>
				<string>0600</string>
				<key>ORGANIZATIONNAME</key>
				<string>The Linde Group, Inc.</string>
				<key>TargetAttributes</key>
				<dict>
					<key>1AC6956D195B59EE00D2BD81</key>
					<dict>
						<key>TestTargetID</key>
						<string>1AC6954C195B59ED00D2BD81</string>
					</dict>
					<key>BE05CE6619DAF26B0089068B</key>
					<dict>
						<key>CreatedOnToolsVersion</key>
						<string>6.0.1</string>
					</dict>
				</dict>
			</dict>
			<key>buildConfigurationList</key>
			<string>1AC69548195B59ED00D2BD81</string>
			<key>compatibilityVersion</key>
			<string>Xcode 3.2</string>
			<key>developmentRegion</key>
			<string>English</string>
			<key>hasScannedForEncodings</key>
			<string>0</string>
			<key>isa</key>
			<string>PBXProject</string>
			<key>knownRegions</key>
			<array>
				<string>en</string>
				<string>Base</string>
			</array>
			<key>mainGroup</key>
			<string>1AC69544195B59ED00D2BD81</string>
			<key>productRefGroup</key>
			<string>1AC6954E195B59ED00D2BD81</string>
			<key>projectDirPath</key>
			<string></string>
			<key>projectReferences</key>
			<array>
				<dict>
					<key>ProductGroup</key>
					<string>1A0A869E195CE5DB00A49434</string>
					<key>ProjectRef</key>
					<string>1A0A869D195CE5DB00A49434</string>
				</dict>
			</array>
			<key>projectRoot</key>
			<string></string>
			<key>targets</key>
			<array>
				<string>1AC6954C195B59ED00D2BD81</string>
				<string>BE05CE6619DAF26B0089068B</string>
				<string>1AC6956D195B59EE00D2BD81</string>
			</array>
		</dict>
		<key>1AC69548195B59ED00D2BD81</key>
		<dict>
			<key>buildConfigurations</key>
			<array>
				<string>1AC6957C195B59EE00D2BD81</string>
				<string>1AC6957D195B59EE00D2BD81</string>
			</array>
			<key>defaultConfigurationIsVisible</key>
			<string>0</string>
			<key>defaultConfigurationName</key>
			<string>Release</string>
			<key>isa</key>
			<string>XCConfigurationList</string>
		</dict>
		<key>1AC69549195B59ED00D2BD81</key>
		<dict>
			<key>buildActionMask</key>
			<string>2147483647</string>
			<key>files</key>
			<array>
				<string>BEC1258919F046FA006696C4</string>
				<string>BED02ADC1A194F9C00714CC2</string>
				<string>1AC69564195B59EE00D2BD81</string>
				<string>BEC1258619F0465C006696C4</string>
				<string>1AC9840A195CE7D60071CAB3</string>
				<string>BE87994B1995BA410082472B</string>
				<string>1AC86D3D195E0AC6006FDD2B</string>
				<string>BEC1258719F0465F006696C4</string>
				<string>BE025CFE19BAEF8800D36345</string>
				<string>1AC98412195CE8520071CAB3</string>
				<string>BE6815D51A0B18DE004AD310</string>
				<string>BEC1258A19F04703006696C4</string>
				<string>BEC1258519F045EB006696C4</string>
				<string>BE32178B19ED9ACA00A92E5A</string>
				<string>BEC1258B19F04703006696C4</string>
				<string>BEC1258819F046C5006696C4</string>
				<string>BE0E857919D668F600B25B5E</string>
				<string>1A1BAD9E197A4133008192A7</string>
				<string>BEC1258C19F049A1006696C4</string>
				<string>6A53625D1988BE59008A949C</string>
				<string>BEFC931D1995F0710074C938</string>
				<string>1A1BAD96197A0407008192A7</string>
				<string>1A979FE01960BCCC00EE9881</string>
				<string>BE05CE8219DAF6320089068B</string>
				<string>BE05CE8319DAF6320089068B</string>
				<string>BE73CDC719E062AC00441443</string>
				<string>BE39FE5319DFBB0100C1B4A1</string>
				<string>BEE8CF1319E0E7F400981C4B</string>
				<string>BE1C810319E8224000EF77F3</string>
			</array>
			<key>isa</key>
			<string>PBXSourcesBuildPhase</string>
			<key>runOnlyForDeploymentPostprocessing</key>
			<string>0</string>
		</dict>
		<key>1AC6954A195B59ED00D2BD81</key>
		<dict>
			<key>buildActionMask</key>
			<string>2147483647</string>
			<key>files</key>
			<array>
				<string>BE8526B219D5F641007DFA9E</string>
				<string>1A0A86B1195CE69300A49434</string>
				<string>1A0A86AF195CE63900A49434</string>
				<string>1AC69551195B59ED00D2BD81</string>
				<string>4B8E6E4F9D8944C883A98423</string>
			</array>
			<key>isa</key>
			<string>PBXFrameworksBuildPhase</string>
			<key>runOnlyForDeploymentPostprocessing</key>
			<string>0</string>
		</dict>
		<key>1AC6954B195B59ED00D2BD81</key>
		<dict>
			<key>buildActionMask</key>
			<string>2147483647</string>
			<key>files</key>
			<array>
				<string>1AC98429195DF6DE0071CAB3</string>
				<string>8BB217F619709A2C00EF8B93</string>
				<string>1AC6955B195B59ED00D2BD81</string>
				<string>1AC69569195B59EE00D2BD81</string>
				<string>1A2C7FAE19CC9F8300CFF472</string>
				<string>1AC98420195CEC360071CAB3</string>
				<string>BE57AC2A19BA3BBC00BB17B1</string>
				<string>1AC98427195DF6350071CAB3</string>
				<string>1AC69561195B59EE00D2BD81</string>
				<string>1AC69567195B59EE00D2BD81</string>
			</array>
			<key>isa</key>
			<string>PBXResourcesBuildPhase</string>
			<key>runOnlyForDeploymentPostprocessing</key>
			<string>0</string>
		</dict>
		<key>1AC6954C195B59ED00D2BD81</key>
		<dict>
			<key>buildConfigurationList</key>
			<string>1AC6957E195B59EE00D2BD81</string>
			<key>buildPhases</key>
			<array>
				<string>BE13A88A19E256A0008A49A1</string>
				<string>570AE652B42D4D4D86875A8A</string>
				<string>BECFF2B619CA9854004C2721</string>
				<string>1AC69549195B59ED00D2BD81</string>
				<string>1AC6954A195B59ED00D2BD81</string>
				<string>1AC6954B195B59ED00D2BD81</string>
				<string>1A0A86B4195CE6BF00A49434</string>
				<string>BE05CE7419DAF4C30089068B</string>
				<string>C97E222596F14727B875BF98</string>
				<string>1A56282C19CC01D600980AB9</string>
			</array>
			<key>buildRules</key>
			<array/>
			<key>dependencies</key>
			<array>
				<string>BE05CE8A19DB35460089068B</string>
				<string>1A0A86B3195CE6B500A49434</string>
			</array>
			<key>isa</key>
			<string>PBXNativeTarget</string>
			<key>name</key>
			<string>AutoPkgr</string>
			<key>productName</key>
			<string>AutoPkgr</string>
			<key>productReference</key>
			<string>1AC6954D195B59ED00D2BD81</string>
			<key>productType</key>
			<string>com.apple.product-type.application</string>
		</dict>
		<key>1AC6954D195B59ED00D2BD81</key>
		<dict>
			<key>explicitFileType</key>
			<string>wrapper.application</string>
			<key>includeInIndex</key>
			<string>0</string>
			<key>isa</key>
			<string>PBXFileReference</string>
			<key>path</key>
			<string>AutoPkgr.app</string>
			<key>sourceTree</key>
			<string>BUILT_PRODUCTS_DIR</string>
		</dict>
		<key>1AC6954E195B59ED00D2BD81</key>
		<dict>
			<key>children</key>
			<array>
				<string>1AC6954D195B59ED00D2BD81</string>
				<string>1AC6956E195B59EE00D2BD81</string>
				<string>BE05CE6719DAF26B0089068B</string>
			</array>
			<key>isa</key>
			<string>PBXGroup</string>
			<key>name</key>
			<string>Products</string>
			<key>sourceTree</key>
			<string>&lt;group&gt;</string>
		</dict>
		<key>1AC6954F195B59ED00D2BD81</key>
		<dict>
			<key>children</key>
			<array>
				<string>FF435269A548437DA5380201</string>
				<string>BEE05F051A05CDBE00EF80B3</string>
				<string>BE05CE8519DB35380089068B</string>
				<string>BE05CE8619DB35380089068B</string>
				<string>BE05CE8F19DB37E50089068B</string>
				<string>BE8526B119D5F641007DFA9E</string>
				<string>1A0A86B0195CE69300A49434</string>
				<string>1AC69550195B59ED00D2BD81</string>
				<string>1AC69552195B59ED00D2BD81</string>
				<string>7EF915ABFCFD78F7257B58CD</string>
			</array>
			<key>isa</key>
			<string>PBXGroup</string>
			<key>name</key>
			<string>Frameworks</string>
			<key>sourceTree</key>
			<string>&lt;group&gt;</string>
		</dict>
		<key>1AC69550195B59ED00D2BD81</key>
		<dict>
			<key>isa</key>
			<string>PBXFileReference</string>
			<key>lastKnownFileType</key>
			<string>wrapper.framework</string>
			<key>name</key>
			<string>Cocoa.framework</string>
			<key>path</key>
			<string>System/Library/Frameworks/Cocoa.framework</string>
			<key>sourceTree</key>
			<string>SDKROOT</string>
		</dict>
		<key>1AC69551195B59ED00D2BD81</key>
		<dict>
			<key>fileRef</key>
			<string>1AC69550195B59ED00D2BD81</string>
			<key>isa</key>
			<string>PBXBuildFile</string>
		</dict>
		<key>1AC69552195B59ED00D2BD81</key>
		<dict>
			<key>children</key>
			<array>
				<string>1AC6956F195B59EE00D2BD81</string>
				<string>1AC69553195B59ED00D2BD81</string>
				<string>1AC69554195B59ED00D2BD81</string>
				<string>1AC69555195B59ED00D2BD81</string>
			</array>
			<key>isa</key>
			<string>PBXGroup</string>
			<key>name</key>
			<string>Other Frameworks</string>
			<key>sourceTree</key>
			<string>&lt;group&gt;</string>
		</dict>
		<key>1AC69553195B59ED00D2BD81</key>
		<dict>
			<key>isa</key>
			<string>PBXFileReference</string>
			<key>lastKnownFileType</key>
			<string>wrapper.framework</string>
			<key>name</key>
			<string>AppKit.framework</string>
			<key>path</key>
			<string>System/Library/Frameworks/AppKit.framework</string>
			<key>sourceTree</key>
			<string>SDKROOT</string>
		</dict>
		<key>1AC69554195B59ED00D2BD81</key>
		<dict>
			<key>isa</key>
			<string>PBXFileReference</string>
			<key>lastKnownFileType</key>
			<string>wrapper.framework</string>
			<key>name</key>
			<string>CoreData.framework</string>
			<key>path</key>
			<string>System/Library/Frameworks/CoreData.framework</string>
			<key>sourceTree</key>
			<string>SDKROOT</string>
		</dict>
		<key>1AC69555195B59ED00D2BD81</key>
		<dict>
			<key>isa</key>
			<string>PBXFileReference</string>
			<key>lastKnownFileType</key>
			<string>wrapper.framework</string>
			<key>name</key>
			<string>Foundation.framework</string>
			<key>path</key>
			<string>System/Library/Frameworks/Foundation.framework</string>
			<key>sourceTree</key>
			<string>SDKROOT</string>
		</dict>
		<key>1AC69556195B59ED00D2BD81</key>
		<dict>
			<key>children</key>
			<array>
				<string>1AC86D36195E0972006FDD2B</string>
				<string>BE40CB7719D4441600A1DABD</string>
				<string>BE40CB7819D4444D00A1DABD</string>
				<string>BE05CE8419DAF63D0089068B</string>
				<string>BE39FE5419DFBB2900C1B4A1</string>
				<string>1AC9841E195CEC360071CAB3</string>
				<string>1AC69565195B59EE00D2BD81</string>
				<string>1AC69568195B59EE00D2BD81</string>
				<string>1AC98423195DF6270071CAB3</string>
				<string>1AC69557195B59ED00D2BD81</string>
			</array>
			<key>isa</key>
			<string>PBXGroup</string>
			<key>path</key>
			<string>AutoPkgr</string>
			<key>sourceTree</key>
			<string>&lt;group&gt;</string>
		</dict>
		<key>1AC69557195B59ED00D2BD81</key>
		<dict>
			<key>children</key>
			<array>
				<string>1AC69558195B59ED00D2BD81</string>
				<string>1AC69559195B59ED00D2BD81</string>
				<string>BE57AC2C19BA3BBC00BB17B1</string>
				<string>1AC6955C195B59ED00D2BD81</string>
				<string>1AC6955E195B59EE00D2BD81</string>
				<string>1AC6955F195B59EE00D2BD81</string>
			</array>
			<key>isa</key>
			<string>PBXGroup</string>
			<key>name</key>
			<string>Supporting Files</string>
			<key>sourceTree</key>
			<string>&lt;group&gt;</string>
		</dict>
		<key>1AC69558195B59ED00D2BD81</key>
		<dict>
			<key>isa</key>
			<string>PBXFileReference</string>
			<key>lastKnownFileType</key>
			<string>text.plist.xml</string>
			<key>path</key>
			<string>AutoPkgr-Info.plist</string>
			<key>sourceTree</key>
			<string>&lt;group&gt;</string>
		</dict>
		<key>1AC69559195B59ED00D2BD81</key>
		<dict>
			<key>children</key>
			<array>
				<string>1AC6955A195B59ED00D2BD81</string>
			</array>
			<key>isa</key>
			<string>PBXVariantGroup</string>
			<key>name</key>
			<string>InfoPlist.strings</string>
			<key>sourceTree</key>
			<string>&lt;group&gt;</string>
		</dict>
		<key>1AC6955A195B59ED00D2BD81</key>
		<dict>
			<key>isa</key>
			<string>PBXFileReference</string>
			<key>lastKnownFileType</key>
			<string>text.plist.strings</string>
			<key>name</key>
			<string>en</string>
			<key>path</key>
			<string>en.lproj/InfoPlist.strings</string>
			<key>sourceTree</key>
			<string>&lt;group&gt;</string>
		</dict>
		<key>1AC6955B195B59ED00D2BD81</key>
		<dict>
			<key>fileRef</key>
			<string>1AC69559195B59ED00D2BD81</string>
			<key>isa</key>
			<string>PBXBuildFile</string>
		</dict>
		<key>1AC6955C195B59ED00D2BD81</key>
		<dict>
			<key>isa</key>
			<string>PBXFileReference</string>
			<key>lastKnownFileType</key>
			<string>sourcecode.c.objc</string>
			<key>path</key>
			<string>main.m</string>
			<key>sourceTree</key>
			<string>&lt;group&gt;</string>
		</dict>
		<key>1AC6955E195B59EE00D2BD81</key>
		<dict>
			<key>isa</key>
			<string>PBXFileReference</string>
			<key>lastKnownFileType</key>
			<string>sourcecode.c.h</string>
			<key>path</key>
			<string>AutoPkgr-Prefix.pch</string>
			<key>sourceTree</key>
			<string>&lt;group&gt;</string>
		</dict>
		<key>1AC6955F195B59EE00D2BD81</key>
		<dict>
			<key>children</key>
			<array>
				<string>1AC69560195B59EE00D2BD81</string>
			</array>
			<key>isa</key>
			<string>PBXVariantGroup</string>
			<key>name</key>
			<string>Credits.rtf</string>
			<key>sourceTree</key>
			<string>&lt;group&gt;</string>
		</dict>
		<key>1AC69560195B59EE00D2BD81</key>
		<dict>
			<key>isa</key>
			<string>PBXFileReference</string>
			<key>lastKnownFileType</key>
			<string>text.rtf</string>
			<key>name</key>
			<string>en</string>
			<key>path</key>
			<string>en.lproj/Credits.rtf</string>
			<key>sourceTree</key>
			<string>&lt;group&gt;</string>
		</dict>
		<key>1AC69561195B59EE00D2BD81</key>
		<dict>
			<key>fileRef</key>
			<string>1AC6955F195B59EE00D2BD81</string>
			<key>isa</key>
			<string>PBXBuildFile</string>
		</dict>
		<key>1AC69562195B59EE00D2BD81</key>
		<dict>
			<key>isa</key>
			<string>PBXFileReference</string>
			<key>lastKnownFileType</key>
			<string>sourcecode.c.h</string>
			<key>path</key>
			<string>LGAppDelegate.h</string>
			<key>sourceTree</key>
			<string>&lt;group&gt;</string>
		</dict>
		<key>1AC69563195B59EE00D2BD81</key>
		<dict>
			<key>isa</key>
			<string>PBXFileReference</string>
			<key>lastKnownFileType</key>
			<string>sourcecode.c.objc</string>
			<key>path</key>
			<string>LGAppDelegate.m</string>
			<key>sourceTree</key>
			<string>&lt;group&gt;</string>
		</dict>
		<key>1AC69564195B59EE00D2BD81</key>
		<dict>
			<key>fileRef</key>
			<string>1AC69563195B59EE00D2BD81</string>
			<key>isa</key>
			<string>PBXBuildFile</string>
		</dict>
		<key>1AC69565195B59EE00D2BD81</key>
		<dict>
			<key>children</key>
			<array>
				<string>1AC69566195B59EE00D2BD81</string>
			</array>
			<key>isa</key>
			<string>PBXVariantGroup</string>
			<key>name</key>
			<string>MainMenu.xib</string>
			<key>sourceTree</key>
			<string>&lt;group&gt;</string>
		</dict>
		<key>1AC69566195B59EE00D2BD81</key>
		<dict>
			<key>isa</key>
			<string>PBXFileReference</string>
			<key>lastKnownFileType</key>
			<string>file.xib</string>
			<key>name</key>
			<string>Base</string>
			<key>path</key>
			<string>Base.lproj/MainMenu.xib</string>
			<key>sourceTree</key>
			<string>&lt;group&gt;</string>
		</dict>
		<key>1AC69567195B59EE00D2BD81</key>
		<dict>
			<key>fileRef</key>
			<string>1AC69565195B59EE00D2BD81</string>
			<key>isa</key>
			<string>PBXBuildFile</string>
		</dict>
		<key>1AC69568195B59EE00D2BD81</key>
		<dict>
			<key>isa</key>
			<string>PBXFileReference</string>
			<key>lastKnownFileType</key>
			<string>folder.assetcatalog</string>
			<key>path</key>
			<string>Images.xcassets</string>
			<key>sourceTree</key>
			<string>&lt;group&gt;</string>
		</dict>
		<key>1AC69569195B59EE00D2BD81</key>
		<dict>
			<key>fileRef</key>
			<string>1AC69568195B59EE00D2BD81</string>
			<key>isa</key>
			<string>PBXBuildFile</string>
		</dict>
		<key>1AC6956A195B59EE00D2BD81</key>
		<dict>
			<key>buildActionMask</key>
			<string>2147483647</string>
			<key>files</key>
			<array>
				<string>BE025CFF19BAEF8800D36345</string>
				<string>1AC6957B195B59EE00D2BD81</string>
				<string>BE025CF719BAE93400D36345</string>
			</array>
			<key>isa</key>
			<string>PBXSourcesBuildPhase</string>
			<key>runOnlyForDeploymentPostprocessing</key>
			<string>0</string>
		</dict>
		<key>1AC6956B195B59EE00D2BD81</key>
		<dict>
			<key>buildActionMask</key>
			<string>2147483647</string>
			<key>files</key>
			<array>
				<string>1AC69571195B59EE00D2BD81</string>
				<string>1AC69570195B59EE00D2BD81</string>
				<string>8B32152D89506869029955FC</string>
			</array>
			<key>isa</key>
			<string>PBXFrameworksBuildPhase</string>
			<key>runOnlyForDeploymentPostprocessing</key>
			<string>0</string>
		</dict>
		<key>1AC6956C195B59EE00D2BD81</key>
		<dict>
			<key>buildActionMask</key>
			<string>2147483647</string>
			<key>files</key>
			<array>
				<string>1AC69579195B59EE00D2BD81</string>
			</array>
			<key>isa</key>
			<string>PBXResourcesBuildPhase</string>
			<key>runOnlyForDeploymentPostprocessing</key>
			<string>0</string>
		</dict>
		<key>1AC6956D195B59EE00D2BD81</key>
		<dict>
			<key>buildConfigurationList</key>
			<string>1AC69581195B59EE00D2BD81</string>
			<key>buildPhases</key>
			<array>
				<string>302B000EF4285817248A7673</string>
				<string>1AC6956A195B59EE00D2BD81</string>
				<string>1AC6956B195B59EE00D2BD81</string>
				<string>1AC6956C195B59EE00D2BD81</string>
				<string>26170D597736193FA7397F5E</string>
			</array>
			<key>buildRules</key>
			<array/>
			<key>dependencies</key>
			<array>
				<string>1AC69573195B59EE00D2BD81</string>
			</array>
			<key>isa</key>
			<string>PBXNativeTarget</string>
			<key>name</key>
			<string>AutoPkgrTests</string>
			<key>productName</key>
			<string>AutoPkgrTests</string>
			<key>productReference</key>
			<string>1AC6956E195B59EE00D2BD81</string>
			<key>productType</key>
			<string>com.apple.product-type.bundle.unit-test</string>
		</dict>
		<key>1AC6956E195B59EE00D2BD81</key>
		<dict>
			<key>explicitFileType</key>
			<string>wrapper.cfbundle</string>
			<key>includeInIndex</key>
			<string>0</string>
			<key>isa</key>
			<string>PBXFileReference</string>
			<key>path</key>
			<string>AutoPkgrTests.xctest</string>
			<key>sourceTree</key>
			<string>BUILT_PRODUCTS_DIR</string>
		</dict>
		<key>1AC6956F195B59EE00D2BD81</key>
		<dict>
			<key>isa</key>
			<string>PBXFileReference</string>
			<key>lastKnownFileType</key>
			<string>wrapper.framework</string>
			<key>name</key>
			<string>XCTest.framework</string>
			<key>path</key>
			<string>Library/Frameworks/XCTest.framework</string>
			<key>sourceTree</key>
			<string>DEVELOPER_DIR</string>
		</dict>
		<key>1AC69570195B59EE00D2BD81</key>
		<dict>
			<key>fileRef</key>
			<string>1AC6956F195B59EE00D2BD81</string>
			<key>isa</key>
			<string>PBXBuildFile</string>
		</dict>
		<key>1AC69571195B59EE00D2BD81</key>
		<dict>
			<key>fileRef</key>
			<string>1AC69550195B59ED00D2BD81</string>
			<key>isa</key>
			<string>PBXBuildFile</string>
		</dict>
		<key>1AC69572195B59EE00D2BD81</key>
		<dict>
			<key>containerPortal</key>
			<string>1AC69545195B59ED00D2BD81</string>
			<key>isa</key>
			<string>PBXContainerItemProxy</string>
			<key>proxyType</key>
			<string>1</string>
			<key>remoteGlobalIDString</key>
			<string>1AC6954C195B59ED00D2BD81</string>
			<key>remoteInfo</key>
			<string>AutoPkgr</string>
		</dict>
		<key>1AC69573195B59EE00D2BD81</key>
		<dict>
			<key>isa</key>
			<string>PBXTargetDependency</string>
			<key>target</key>
			<string>1AC6954C195B59ED00D2BD81</string>
			<key>targetProxy</key>
			<string>1AC69572195B59EE00D2BD81</string>
		</dict>
		<key>1AC69574195B59EE00D2BD81</key>
		<dict>
			<key>children</key>
			<array>
				<string>1AC6957A195B59EE00D2BD81</string>
				<string>1AC69575195B59EE00D2BD81</string>
			</array>
			<key>isa</key>
			<string>PBXGroup</string>
			<key>path</key>
			<string>AutoPkgrTests</string>
			<key>sourceTree</key>
			<string>&lt;group&gt;</string>
		</dict>
		<key>1AC69575195B59EE00D2BD81</key>
		<dict>
			<key>children</key>
			<array>
				<string>1AC69576195B59EE00D2BD81</string>
				<string>1AC69577195B59EE00D2BD81</string>
			</array>
			<key>isa</key>
			<string>PBXGroup</string>
			<key>name</key>
			<string>Supporting Files</string>
			<key>sourceTree</key>
			<string>&lt;group&gt;</string>
		</dict>
		<key>1AC69576195B59EE00D2BD81</key>
		<dict>
			<key>isa</key>
			<string>PBXFileReference</string>
			<key>lastKnownFileType</key>
			<string>text.plist.xml</string>
			<key>path</key>
			<string>AutoPkgrTests-Info.plist</string>
			<key>sourceTree</key>
			<string>&lt;group&gt;</string>
		</dict>
		<key>1AC69577195B59EE00D2BD81</key>
		<dict>
			<key>children</key>
			<array>
				<string>1AC69578195B59EE00D2BD81</string>
			</array>
			<key>isa</key>
			<string>PBXVariantGroup</string>
			<key>name</key>
			<string>InfoPlist.strings</string>
			<key>sourceTree</key>
			<string>&lt;group&gt;</string>
		</dict>
		<key>1AC69578195B59EE00D2BD81</key>
		<dict>
			<key>isa</key>
			<string>PBXFileReference</string>
			<key>lastKnownFileType</key>
			<string>text.plist.strings</string>
			<key>name</key>
			<string>en</string>
			<key>path</key>
			<string>en.lproj/InfoPlist.strings</string>
			<key>sourceTree</key>
			<string>&lt;group&gt;</string>
		</dict>
		<key>1AC69579195B59EE00D2BD81</key>
		<dict>
			<key>fileRef</key>
			<string>1AC69577195B59EE00D2BD81</string>
			<key>isa</key>
			<string>PBXBuildFile</string>
		</dict>
		<key>1AC6957A195B59EE00D2BD81</key>
		<dict>
			<key>isa</key>
			<string>PBXFileReference</string>
			<key>lastKnownFileType</key>
			<string>sourcecode.c.objc</string>
			<key>path</key>
			<string>AutoPkgrTests.m</string>
			<key>sourceTree</key>
			<string>&lt;group&gt;</string>
		</dict>
		<key>1AC6957B195B59EE00D2BD81</key>
		<dict>
			<key>fileRef</key>
			<string>1AC6957A195B59EE00D2BD81</string>
			<key>isa</key>
			<string>PBXBuildFile</string>
		</dict>
		<key>1AC6957C195B59EE00D2BD81</key>
		<dict>
			<key>baseConfigurationReference</key>
			<string>5F5D515706D5DA01E7256573</string>
			<key>buildSettings</key>
			<dict>
				<key>ALWAYS_SEARCH_USER_PATHS</key>
				<string>NO</string>
				<key>CLANG_CXX_LANGUAGE_STANDARD</key>
				<string>gnu++0x</string>
				<key>CLANG_CXX_LIBRARY</key>
				<string>libc++</string>
				<key>CLANG_ENABLE_MODULES</key>
				<string>YES</string>
				<key>CLANG_ENABLE_OBJC_ARC</key>
				<string>YES</string>
				<key>CLANG_WARN_BOOL_CONVERSION</key>
				<string>YES</string>
				<key>CLANG_WARN_CONSTANT_CONVERSION</key>
				<string>YES</string>
				<key>CLANG_WARN_DIRECT_OBJC_ISA_USAGE</key>
				<string>YES_ERROR</string>
				<key>CLANG_WARN_EMPTY_BODY</key>
				<string>YES</string>
				<key>CLANG_WARN_ENUM_CONVERSION</key>
				<string>YES</string>
				<key>CLANG_WARN_INT_CONVERSION</key>
				<string>YES</string>
				<key>CLANG_WARN_OBJC_ROOT_CLASS</key>
				<string>YES_ERROR</string>
				<key>CLANG_WARN__DUPLICATE_METHOD_MATCH</key>
				<string>YES</string>
				<key>COPY_PHASE_STRIP</key>
				<string>NO</string>
				<key>GCC_C_LANGUAGE_STANDARD</key>
				<string>gnu99</string>
				<key>GCC_DYNAMIC_NO_PIC</key>
				<string>NO</string>
				<key>GCC_ENABLE_OBJC_EXCEPTIONS</key>
				<string>YES</string>
				<key>GCC_OPTIMIZATION_LEVEL</key>
				<string>0</string>
				<key>GCC_PREPROCESSOR_DEFINITIONS</key>
				<array>
					<string>DEBUG=1</string>
					<string>$(inherited)</string>
				</array>
				<key>GCC_SYMBOLS_PRIVATE_EXTERN</key>
				<string>NO</string>
				<key>GCC_WARN_64_TO_32_BIT_CONVERSION</key>
				<string>YES</string>
				<key>GCC_WARN_ABOUT_RETURN_TYPE</key>
				<string>YES_ERROR</string>
				<key>GCC_WARN_UNDECLARED_SELECTOR</key>
				<string>YES</string>
				<key>GCC_WARN_UNINITIALIZED_AUTOS</key>
				<string>YES_AGGRESSIVE</string>
				<key>GCC_WARN_UNUSED_FUNCTION</key>
				<string>YES</string>
				<key>GCC_WARN_UNUSED_VARIABLE</key>
				<string>YES</string>
				<key>MACOSX_DEPLOYMENT_TARGET</key>
				<string>10.8</string>
				<key>ONLY_ACTIVE_ARCH</key>
				<string>YES</string>
				<key>SDKROOT</key>
				<string>macosx</string>
			</dict>
			<key>isa</key>
			<string>XCBuildConfiguration</string>
			<key>name</key>
			<string>Debug</string>
		</dict>
		<key>1AC6957D195B59EE00D2BD81</key>
		<dict>
			<key>baseConfigurationReference</key>
			<string>906DD048439B1EC0FBD74F69</string>
			<key>buildSettings</key>
			<dict>
				<key>ALWAYS_SEARCH_USER_PATHS</key>
				<string>NO</string>
				<key>CLANG_CXX_LANGUAGE_STANDARD</key>
				<string>gnu++0x</string>
				<key>CLANG_CXX_LIBRARY</key>
				<string>libc++</string>
				<key>CLANG_ENABLE_MODULES</key>
				<string>YES</string>
				<key>CLANG_ENABLE_OBJC_ARC</key>
				<string>YES</string>
				<key>CLANG_WARN_BOOL_CONVERSION</key>
				<string>YES</string>
				<key>CLANG_WARN_CONSTANT_CONVERSION</key>
				<string>YES</string>
				<key>CLANG_WARN_DIRECT_OBJC_ISA_USAGE</key>
				<string>YES_ERROR</string>
				<key>CLANG_WARN_EMPTY_BODY</key>
				<string>YES</string>
				<key>CLANG_WARN_ENUM_CONVERSION</key>
				<string>YES</string>
				<key>CLANG_WARN_INT_CONVERSION</key>
				<string>YES</string>
				<key>CLANG_WARN_OBJC_ROOT_CLASS</key>
				<string>YES_ERROR</string>
				<key>CLANG_WARN__DUPLICATE_METHOD_MATCH</key>
				<string>YES</string>
				<key>COPY_PHASE_STRIP</key>
				<string>YES</string>
				<key>DEBUG_INFORMATION_FORMAT</key>
				<string>dwarf-with-dsym</string>
				<key>ENABLE_NS_ASSERTIONS</key>
				<string>NO</string>
				<key>GCC_C_LANGUAGE_STANDARD</key>
				<string>gnu99</string>
				<key>GCC_ENABLE_OBJC_EXCEPTIONS</key>
				<string>YES</string>
				<key>GCC_WARN_64_TO_32_BIT_CONVERSION</key>
				<string>YES</string>
				<key>GCC_WARN_ABOUT_RETURN_TYPE</key>
				<string>YES_ERROR</string>
				<key>GCC_WARN_UNDECLARED_SELECTOR</key>
				<string>YES</string>
				<key>GCC_WARN_UNINITIALIZED_AUTOS</key>
				<string>YES_AGGRESSIVE</string>
				<key>GCC_WARN_UNUSED_FUNCTION</key>
				<string>YES</string>
				<key>GCC_WARN_UNUSED_VARIABLE</key>
				<string>YES</string>
				<key>MACOSX_DEPLOYMENT_TARGET</key>
				<string>10.8</string>
				<key>SDKROOT</key>
				<string>macosx</string>
			</dict>
			<key>isa</key>
			<string>XCBuildConfiguration</string>
			<key>name</key>
			<string>Release</string>
		</dict>
		<key>1AC6957E195B59EE00D2BD81</key>
		<dict>
			<key>buildConfigurations</key>
			<array>
				<string>1AC6957F195B59EE00D2BD81</string>
				<string>1AC69580195B59EE00D2BD81</string>
			</array>
			<key>defaultConfigurationIsVisible</key>
			<string>0</string>
			<key>defaultConfigurationName</key>
			<string>Release</string>
			<key>isa</key>
			<string>XCConfigurationList</string>
		</dict>
		<key>1AC6957F195B59EE00D2BD81</key>
		<dict>
			<key>baseConfigurationReference</key>
			<string>5F5D515706D5DA01E7256573</string>
			<key>buildSettings</key>
			<dict>
				<key>ASSETCATALOG_COMPILER_APPICON_NAME</key>
				<string>AppIcon</string>
				<key>CODE_SIGN_IDENTITY</key>
				<string>Developer ID Application: The Linde Group Computer Support Inc (JVY2ZR6SEF)</string>
				<key>COMBINE_HIDPI_IMAGES</key>
				<string>YES</string>
				<key>GCC_PRECOMPILE_PREFIX_HEADER</key>
				<string>YES</string>
				<key>GCC_PREFIX_HEADER</key>
				<string>AutoPkgr/AutoPkgr-Prefix.pch</string>
				<key>INFOPLIST_FILE</key>
				<string>AutoPkgr/AutoPkgr-Info.plist</string>
				<key>MACOSX_DEPLOYMENT_TARGET</key>
				<string>10.8</string>
				<key>OTHER_CODE_SIGN_FLAGS</key>
				<string></string>
				<key>PRODUCT_NAME</key>
				<string>$(TARGET_NAME)</string>
				<key>WRAPPER_EXTENSION</key>
				<string>app</string>
			</dict>
			<key>isa</key>
			<string>XCBuildConfiguration</string>
			<key>name</key>
			<string>Debug</string>
		</dict>
		<key>1AC69580195B59EE00D2BD81</key>
		<dict>
			<key>baseConfigurationReference</key>
			<string>906DD048439B1EC0FBD74F69</string>
			<key>buildSettings</key>
			<dict>
				<key>ASSETCATALOG_COMPILER_APPICON_NAME</key>
				<string>AppIcon</string>
				<key>CODE_SIGN_IDENTITY</key>
				<string>Developer ID Application: The Linde Group Computer Support Inc (JVY2ZR6SEF)</string>
				<key>COMBINE_HIDPI_IMAGES</key>
				<string>YES</string>
				<key>GCC_PRECOMPILE_PREFIX_HEADER</key>
				<string>YES</string>
				<key>GCC_PREFIX_HEADER</key>
				<string>AutoPkgr/AutoPkgr-Prefix.pch</string>
				<key>INFOPLIST_FILE</key>
				<string>AutoPkgr/AutoPkgr-Info.plist</string>
				<key>MACOSX_DEPLOYMENT_TARGET</key>
				<string>10.8</string>
				<key>OTHER_CODE_SIGN_FLAGS</key>
				<string></string>
				<key>PRODUCT_NAME</key>
				<string>$(TARGET_NAME)</string>
				<key>WRAPPER_EXTENSION</key>
				<string>app</string>
			</dict>
			<key>isa</key>
			<string>XCBuildConfiguration</string>
			<key>name</key>
			<string>Release</string>
		</dict>
		<key>1AC69581195B59EE00D2BD81</key>
		<dict>
			<key>buildConfigurations</key>
			<array>
				<string>1AC69582195B59EE00D2BD81</string>
				<string>1AC69583195B59EE00D2BD81</string>
			</array>
			<key>defaultConfigurationIsVisible</key>
			<string>0</string>
			<key>defaultConfigurationName</key>
			<string>Release</string>
			<key>isa</key>
			<string>XCConfigurationList</string>
		</dict>
		<key>1AC69582195B59EE00D2BD81</key>
		<dict>
			<key>baseConfigurationReference</key>
			<string>5F5D515706D5DA01E7256573</string>
			<key>buildSettings</key>
			<dict>
				<key>BUNDLE_LOADER</key>
				<string>$(BUILT_PRODUCTS_DIR)/AutoPkgr.app/Contents/MacOS/AutoPkgr</string>
				<key>COMBINE_HIDPI_IMAGES</key>
				<string>YES</string>
				<key>FRAMEWORK_SEARCH_PATHS</key>
				<array>
					<string>$(DEVELOPER_FRAMEWORKS_DIR)</string>
					<string>$(inherited)</string>
				</array>
				<key>GCC_PRECOMPILE_PREFIX_HEADER</key>
				<string>YES</string>
				<key>GCC_PREFIX_HEADER</key>
				<string>AutoPkgr/AutoPkgr-Prefix.pch</string>
				<key>GCC_PREPROCESSOR_DEFINITIONS</key>
				<array>
					<string>DEBUG=1</string>
					<string>$(inherited)</string>
				</array>
				<key>INFOPLIST_FILE</key>
				<string>AutoPkgrTests/AutoPkgrTests-Info.plist</string>
				<key>PRODUCT_NAME</key>
				<string>$(TARGET_NAME)</string>
				<key>TEST_HOST</key>
				<string>$(BUNDLE_LOADER)</string>
				<key>WRAPPER_EXTENSION</key>
				<string>xctest</string>
			</dict>
			<key>isa</key>
			<string>XCBuildConfiguration</string>
			<key>name</key>
			<string>Debug</string>
		</dict>
		<key>1AC69583195B59EE00D2BD81</key>
		<dict>
			<key>baseConfigurationReference</key>
			<string>906DD048439B1EC0FBD74F69</string>
			<key>buildSettings</key>
			<dict>
				<key>BUNDLE_LOADER</key>
				<string>$(BUILT_PRODUCTS_DIR)/AutoPkgr.app/Contents/MacOS/AutoPkgr</string>
				<key>COMBINE_HIDPI_IMAGES</key>
				<string>YES</string>
				<key>FRAMEWORK_SEARCH_PATHS</key>
				<array>
					<string>$(DEVELOPER_FRAMEWORKS_DIR)</string>
					<string>$(inherited)</string>
				</array>
				<key>GCC_PRECOMPILE_PREFIX_HEADER</key>
				<string>YES</string>
				<key>GCC_PREFIX_HEADER</key>
				<string>AutoPkgr/AutoPkgr-Prefix.pch</string>
				<key>INFOPLIST_FILE</key>
				<string>AutoPkgrTests/AutoPkgrTests-Info.plist</string>
				<key>PRODUCT_NAME</key>
				<string>$(TARGET_NAME)</string>
				<key>TEST_HOST</key>
				<string>$(BUNDLE_LOADER)</string>
				<key>WRAPPER_EXTENSION</key>
				<string>xctest</string>
			</dict>
			<key>isa</key>
			<string>XCBuildConfiguration</string>
			<key>name</key>
			<string>Release</string>
		</dict>
		<key>1AC86D36195E0972006FDD2B</key>
		<dict>
			<key>children</key>
			<array>
				<string>BE025CFC19BAEF8800D36345</string>
				<string>BE025CFD19BAEF8800D36345</string>
				<string>BE025CF419BAE93400D36345</string>
				<string>BE025CF519BAE93400D36345</string>
				<string>1AC98410195CE8510071CAB3</string>
				<string>1AC98411195CE8520071CAB3</string>
				<string>BE6815D31A0B18DE004AD310</string>
				<string>BE6815D41A0B18DE004AD310</string>
				<string>1A1BAD9C197A4133008192A7</string>
				<string>1A1BAD9D197A4133008192A7</string>
				<string>BEAA76CA19BFD635002D73EE</string>
				<string>BEAA76CB19BFD635002D73EE</string>
				<string>6A53625B1988BE59008A949C</string>
				<string>6A53625C1988BE59008A949C</string>
			</array>
			<key>isa</key>
			<string>PBXGroup</string>
			<key>name</key>
			<string>Feature Classes</string>
			<key>sourceTree</key>
			<string>&lt;group&gt;</string>
		</dict>
		<key>1AC86D3B195E0AC6006FDD2B</key>
		<dict>
			<key>fileEncoding</key>
			<string>4</string>
			<key>isa</key>
			<string>PBXFileReference</string>
			<key>lastKnownFileType</key>
			<string>sourcecode.c.h</string>
			<key>path</key>
			<string>LGHostInfo.h</string>
			<key>sourceTree</key>
			<string>&lt;group&gt;</string>
		</dict>
		<key>1AC86D3C195E0AC6006FDD2B</key>
		<dict>
			<key>fileEncoding</key>
			<string>4</string>
			<key>isa</key>
			<string>PBXFileReference</string>
			<key>lastKnownFileType</key>
			<string>sourcecode.c.objc</string>
			<key>path</key>
			<string>LGHostInfo.m</string>
			<key>sourceTree</key>
			<string>&lt;group&gt;</string>
		</dict>
		<key>1AC86D3D195E0AC6006FDD2B</key>
		<dict>
			<key>fileRef</key>
			<string>1AC86D3C195E0AC6006FDD2B</string>
			<key>isa</key>
			<string>PBXBuildFile</string>
		</dict>
		<key>1AC98408195CE7D60071CAB3</key>
		<dict>
			<key>fileEncoding</key>
			<string>4</string>
			<key>isa</key>
			<string>PBXFileReference</string>
			<key>lastKnownFileType</key>
			<string>sourcecode.c.h</string>
			<key>path</key>
			<string>LGConstants.h</string>
			<key>sourceTree</key>
			<string>&lt;group&gt;</string>
		</dict>
		<key>1AC98409195CE7D60071CAB3</key>
		<dict>
			<key>fileEncoding</key>
			<string>4</string>
			<key>isa</key>
			<string>PBXFileReference</string>
			<key>lastKnownFileType</key>
			<string>sourcecode.c.objc</string>
			<key>path</key>
			<string>LGConstants.m</string>
			<key>sourceTree</key>
			<string>&lt;group&gt;</string>
		</dict>
		<key>1AC9840A195CE7D60071CAB3</key>
		<dict>
			<key>fileRef</key>
			<string>1AC98409195CE7D60071CAB3</string>
			<key>isa</key>
			<string>PBXBuildFile</string>
		</dict>
		<key>1AC98410195CE8510071CAB3</key>
		<dict>
			<key>fileEncoding</key>
			<string>4</string>
			<key>isa</key>
			<string>PBXFileReference</string>
			<key>lastKnownFileType</key>
			<string>sourcecode.c.h</string>
			<key>path</key>
			<string>LGEmailer.h</string>
			<key>sourceTree</key>
			<string>&lt;group&gt;</string>
		</dict>
		<key>1AC98411195CE8520071CAB3</key>
		<dict>
			<key>fileEncoding</key>
			<string>4</string>
			<key>isa</key>
			<string>PBXFileReference</string>
			<key>lastKnownFileType</key>
			<string>sourcecode.c.objc</string>
			<key>path</key>
			<string>LGEmailer.m</string>
			<key>sourceTree</key>
			<string>&lt;group&gt;</string>
		</dict>
		<key>1AC98412195CE8520071CAB3</key>
		<dict>
			<key>fileRef</key>
			<string>1AC98411195CE8520071CAB3</string>
			<key>isa</key>
			<string>PBXBuildFile</string>
		</dict>
		<key>1AC9841C195CEC350071CAB3</key>
		<dict>
			<key>fileEncoding</key>
			<string>4</string>
			<key>isa</key>
			<string>PBXFileReference</string>
			<key>lastKnownFileType</key>
			<string>sourcecode.c.h</string>
			<key>path</key>
			<string>LGConfigurationWindowController.h</string>
			<key>sourceTree</key>
			<string>&lt;group&gt;</string>
		</dict>
		<key>1AC9841D195CEC350071CAB3</key>
		<dict>
			<key>fileEncoding</key>
			<string>4</string>
			<key>isa</key>
			<string>PBXFileReference</string>
			<key>lastKnownFileType</key>
			<string>sourcecode.c.objc</string>
			<key>path</key>
			<string>LGConfigurationWindowController.m</string>
			<key>sourceTree</key>
			<string>&lt;group&gt;</string>
		</dict>
		<key>1AC9841E195CEC360071CAB3</key>
		<dict>
			<key>fileEncoding</key>
			<string>4</string>
			<key>isa</key>
			<string>PBXFileReference</string>
			<key>lastKnownFileType</key>
			<string>file.xib</string>
			<key>path</key>
			<string>LGConfigurationWindowController.xib</string>
			<key>sourceTree</key>
			<string>&lt;group&gt;</string>
		</dict>
		<key>1AC98420195CEC360071CAB3</key>
		<dict>
			<key>fileRef</key>
			<string>1AC9841E195CEC360071CAB3</string>
			<key>isa</key>
			<string>PBXBuildFile</string>
		</dict>
		<key>1AC98423195DF6270071CAB3</key>
		<dict>
			<key>children</key>
			<array>
				<string>1A2C7FAC19CC9F8300CFF472</string>
				<string>8BB217F519709A2C00EF8B93</string>
				<string>1AC98425195DF6350071CAB3</string>
				<string>1AC98428195DF6DE0071CAB3</string>
			</array>
			<key>isa</key>
			<string>PBXGroup</string>
			<key>name</key>
			<string>Resources</string>
			<key>sourceTree</key>
			<string>&lt;group&gt;</string>
		</dict>
		<key>1AC98425195DF6350071CAB3</key>
		<dict>
			<key>isa</key>
			<string>PBXFileReference</string>
			<key>lastKnownFileType</key>
			<string>image.png</string>
			<key>path</key>
			<string>autopkgr.png</string>
			<key>sourceTree</key>
			<string>&lt;group&gt;</string>
		</dict>
		<key>1AC98427195DF6350071CAB3</key>
		<dict>
			<key>fileRef</key>
			<string>1AC98425195DF6350071CAB3</string>
			<key>isa</key>
			<string>PBXBuildFile</string>
		</dict>
		<key>1AC98428195DF6DE0071CAB3</key>
		<dict>
			<key>isa</key>
			<string>PBXFileReference</string>
			<key>lastKnownFileType</key>
			<string>image.png</string>
			<key>path</key>
			<string>autopkgr_alt.png</string>
			<key>sourceTree</key>
			<string>&lt;group&gt;</string>
		</dict>
		<key>1AC98429195DF6DE0071CAB3</key>
		<dict>
			<key>fileRef</key>
			<string>1AC98428195DF6DE0071CAB3</string>
			<key>isa</key>
			<string>PBXBuildFile</string>
		</dict>
		<key>26170D597736193FA7397F5E</key>
		<dict>
			<key>buildActionMask</key>
			<string>2147483647</string>
			<key>files</key>
			<array/>
			<key>inputPaths</key>
			<array/>
			<key>isa</key>
			<string>PBXShellScriptBuildPhase</string>
			<key>name</key>
			<string>Copy Pods Resources</string>
			<key>outputPaths</key>
			<array/>
			<key>runOnlyForDeploymentPostprocessing</key>
			<string>0</string>
			<key>shellPath</key>
			<string>/bin/sh</string>
			<key>shellScript</key>
			<string>"${SRCROOT}/Pods/Target Support Files/Pods-AutoPkgrTests/Pods-AutoPkgrTests-resources.sh"
</string>
			<key>showEnvVarsInLog</key>
			<string>0</string>
		</dict>
		<key>302B000EF4285817248A7673</key>
		<dict>
			<key>buildActionMask</key>
			<string>2147483647</string>
			<key>files</key>
			<array/>
			<key>inputPaths</key>
			<array/>
			<key>isa</key>
			<string>PBXShellScriptBuildPhase</string>
			<key>name</key>
			<string>Check Pods Manifest.lock</string>
			<key>outputPaths</key>
			<array/>
			<key>runOnlyForDeploymentPostprocessing</key>
			<string>0</string>
			<key>shellPath</key>
			<string>/bin/sh</string>
			<key>shellScript</key>
			<string>diff "${PODS_ROOT}/../Podfile.lock" "${PODS_ROOT}/Manifest.lock" &gt; /dev/null
if [[ $? != 0 ]] ; then
    cat &lt;&lt; EOM
error: The sandbox is not in sync with the Podfile.lock. Run 'pod install' or update your CocoaPods installation.
EOM
    exit 1
fi
</string>
			<key>showEnvVarsInLog</key>
			<string>0</string>
		</dict>
		<key>4B8E6E4F9D8944C883A98423</key>
		<dict>
			<key>fileRef</key>
			<string>FF435269A548437DA5380201</string>
			<key>isa</key>
			<string>PBXBuildFile</string>
		</dict>
		<key>51AB14E0BF99455BB01C0946</key>
		<dict>
			<key>children</key>
			<array>
				<string>5F5D515706D5DA01E7256573</string>
				<string>906DD048439B1EC0FBD74F69</string>
			</array>
			<key>isa</key>
			<string>PBXGroup</string>
			<key>name</key>
			<string>Pods</string>
			<key>sourceTree</key>
			<string>&lt;group&gt;</string>
		</dict>
		<key>570AE652B42D4D4D86875A8A</key>
		<dict>
			<key>buildActionMask</key>
			<string>2147483647</string>
			<key>files</key>
			<array/>
			<key>inputPaths</key>
			<array/>
			<key>isa</key>
			<string>PBXShellScriptBuildPhase</string>
			<key>name</key>
			<string>Check Pods Manifest.lock</string>
			<key>outputPaths</key>
			<array/>
			<key>runOnlyForDeploymentPostprocessing</key>
			<string>0</string>
			<key>shellPath</key>
			<string>/bin/sh</string>
			<key>shellScript</key>
			<string>diff "${PODS_ROOT}/../Podfile.lock" "${PODS_ROOT}/Manifest.lock" &gt; /dev/null
if [[ $? != 0 ]] ; then
    cat &lt;&lt; EOM
error: The sandbox is not in sync with the Podfile.lock. Run 'pod install' or update your CocoaPods installation.
EOM
    exit 1
fi
</string>
			<key>showEnvVarsInLog</key>
			<string>0</string>
		</dict>
		<key>5F5D515706D5DA01E7256573</key>
		<dict>
			<key>includeInIndex</key>
			<string>1</string>
			<key>isa</key>
			<string>PBXFileReference</string>
			<key>lastKnownFileType</key>
			<string>text.xcconfig</string>
			<key>name</key>
			<string>Pods-AutoPkgr.debug.xcconfig</string>
			<key>path</key>
			<string>Pods/Target Support Files/Pods-AutoPkgr/Pods-AutoPkgr.debug.xcconfig</string>
			<key>sourceTree</key>
			<string>&lt;group&gt;</string>
		</dict>
		<key>6A0ACE32196FB349002C7FE4</key>
		<dict>
			<key>fileEncoding</key>
			<string>4</string>
			<key>isa</key>
			<string>PBXFileReference</string>
			<key>lastKnownFileType</key>
			<string>sourcecode.c.h</string>
			<key>path</key>
			<string>LGRecipes.h</string>
			<key>sourceTree</key>
			<string>&lt;group&gt;</string>
		</dict>
		<key>6A0ACE33196FB349002C7FE4</key>
		<dict>
			<key>fileEncoding</key>
			<string>4</string>
			<key>isa</key>
			<string>PBXFileReference</string>
			<key>lastKnownFileType</key>
			<string>sourcecode.c.objc</string>
			<key>path</key>
			<string>LGRecipes.m</string>
			<key>sourceTree</key>
			<string>&lt;group&gt;</string>
		</dict>
		<key>6A0BABE7196E560000A136BB</key>
		<dict>
			<key>fileEncoding</key>
			<string>4</string>
			<key>isa</key>
			<string>PBXFileReference</string>
			<key>lastKnownFileType</key>
			<string>sourcecode.c.h</string>
			<key>path</key>
			<string>LGPopularRepositories.h</string>
			<key>sourceTree</key>
			<string>&lt;group&gt;</string>
		</dict>
		<key>6A0BABE8196E560000A136BB</key>
		<dict>
			<key>fileEncoding</key>
			<string>4</string>
			<key>isa</key>
			<string>PBXFileReference</string>
			<key>lastKnownFileType</key>
			<string>sourcecode.c.objc</string>
			<key>path</key>
			<string>LGPopularRepositories.m</string>
			<key>sourceTree</key>
			<string>&lt;group&gt;</string>
		</dict>
		<key>6A53625B1988BE59008A949C</key>
		<dict>
			<key>fileEncoding</key>
			<string>4</string>
			<key>isa</key>
			<string>PBXFileReference</string>
			<key>lastKnownFileType</key>
			<string>sourcecode.c.h</string>
			<key>path</key>
			<string>LGTestPort.h</string>
			<key>sourceTree</key>
			<string>&lt;group&gt;</string>
		</dict>
		<key>6A53625C1988BE59008A949C</key>
		<dict>
			<key>fileEncoding</key>
			<string>4</string>
			<key>isa</key>
			<string>PBXFileReference</string>
			<key>lastKnownFileType</key>
			<string>sourcecode.c.objc</string>
			<key>path</key>
			<string>LGTestPort.m</string>
			<key>sourceTree</key>
			<string>&lt;group&gt;</string>
		</dict>
		<key>6A53625D1988BE59008A949C</key>
		<dict>
			<key>fileRef</key>
			<string>6A53625C1988BE59008A949C</string>
			<key>isa</key>
			<string>PBXBuildFile</string>
		</dict>
		<key>7EF915ABFCFD78F7257B58CD</key>
		<dict>
			<key>explicitFileType</key>
			<string>archive.ar</string>
			<key>includeInIndex</key>
			<string>0</string>
			<key>isa</key>
			<string>PBXFileReference</string>
			<key>path</key>
			<string>libPods-AutoPkgrTests.a</string>
			<key>sourceTree</key>
			<string>BUILT_PRODUCTS_DIR</string>
		</dict>
		<key>8B32152D89506869029955FC</key>
		<dict>
			<key>fileRef</key>
			<string>7EF915ABFCFD78F7257B58CD</string>
			<key>isa</key>
			<string>PBXBuildFile</string>
		</dict>
		<key>8BB217F519709A2C00EF8B93</key>
		<dict>
			<key>isa</key>
			<string>PBXFileReference</string>
			<key>lastKnownFileType</key>
			<string>image.png</string>
			<key>path</key>
			<string>AutoPkgrIcon.png</string>
			<key>sourceTree</key>
			<string>&lt;group&gt;</string>
		</dict>
		<key>8BB217F619709A2C00EF8B93</key>
		<dict>
			<key>fileRef</key>
			<string>8BB217F519709A2C00EF8B93</string>
			<key>isa</key>
			<string>PBXBuildFile</string>
		</dict>
		<key>906DD048439B1EC0FBD74F69</key>
		<dict>
			<key>includeInIndex</key>
			<string>1</string>
			<key>isa</key>
			<string>PBXFileReference</string>
			<key>lastKnownFileType</key>
			<string>text.xcconfig</string>
			<key>name</key>
			<string>Pods-AutoPkgr.release.xcconfig</string>
			<key>path</key>
			<string>Pods/Target Support Files/Pods-AutoPkgr/Pods-AutoPkgr.release.xcconfig</string>
			<key>sourceTree</key>
			<string>&lt;group&gt;</string>
		</dict>
		<key>BE025CF419BAE93400D36345</key>
		<dict>
			<key>fileEncoding</key>
			<string>4</string>
			<key>isa</key>
			<string>PBXFileReference</string>
			<key>lastKnownFileType</key>
			<string>sourcecode.c.h</string>
			<key>path</key>
			<string>LGAutoPkgTask.h</string>
			<key>sourceTree</key>
			<string>&lt;group&gt;</string>
		</dict>
		<key>BE025CF519BAE93400D36345</key>
		<dict>
			<key>fileEncoding</key>
			<string>4</string>
			<key>isa</key>
			<string>PBXFileReference</string>
			<key>lastKnownFileType</key>
			<string>sourcecode.c.objc</string>
			<key>path</key>
			<string>LGAutoPkgTask.m</string>
			<key>sourceTree</key>
			<string>&lt;group&gt;</string>
		</dict>
		<key>BE025CF719BAE93400D36345</key>
		<dict>
			<key>fileRef</key>
			<string>BE025CF519BAE93400D36345</string>
			<key>isa</key>
			<string>PBXBuildFile</string>
		</dict>
		<key>BE025CFC19BAEF8800D36345</key>
		<dict>
			<key>fileEncoding</key>
			<string>4</string>
			<key>isa</key>
			<string>PBXFileReference</string>
			<key>lastKnownFileType</key>
			<string>sourcecode.c.h</string>
			<key>path</key>
			<string>LGAutoPkgSchedule.h</string>
			<key>sourceTree</key>
			<string>&lt;group&gt;</string>
		</dict>
		<key>BE025CFD19BAEF8800D36345</key>
		<dict>
			<key>fileEncoding</key>
			<string>4</string>
			<key>isa</key>
			<string>PBXFileReference</string>
			<key>lastKnownFileType</key>
			<string>sourcecode.c.objc</string>
			<key>path</key>
			<string>LGAutoPkgSchedule.m</string>
			<key>sourceTree</key>
			<string>&lt;group&gt;</string>
		</dict>
		<key>BE025CFE19BAEF8800D36345</key>
		<dict>
			<key>fileRef</key>
			<string>BE025CFD19BAEF8800D36345</string>
			<key>isa</key>
			<string>PBXBuildFile</string>
		</dict>
		<key>BE025CFF19BAEF8800D36345</key>
		<dict>
			<key>fileRef</key>
			<string>BE025CFD19BAEF8800D36345</string>
			<key>isa</key>
			<string>PBXBuildFile</string>
		</dict>
		<key>BE05CE6319DAF26B0089068B</key>
		<dict>
			<key>buildActionMask</key>
			<string>2147483647</string>
			<key>files</key>
			<array>
				<string>BE05CE9119DB380F0089068B</string>
				<string>BE1C810419E8224000EF77F3</string>
				<string>BE05CE6A19DAF26B0089068B</string>
				<string>BE05CE7C19DAF5A30089068B</string>
				<string>BE05CE8D19DB379C0089068B</string>
				<string>BE05CE9219DB38180089068B</string>
			</array>
			<key>isa</key>
			<string>PBXSourcesBuildPhase</string>
			<key>runOnlyForDeploymentPostprocessing</key>
			<string>0</string>
		</dict>
		<key>BE05CE6419DAF26B0089068B</key>
		<dict>
			<key>buildActionMask</key>
			<string>2147483647</string>
			<key>files</key>
			<array>
				<string>BE05CE9019DB37E50089068B</string>
				<string>BE05CE8E19DB37DF0089068B</string>
				<string>BE05CE8719DB35380089068B</string>
				<string>BE05CE8819DB35380089068B</string>
				<string>BEE05F061A05CDBE00EF80B3</string>
			</array>
			<key>isa</key>
			<string>PBXFrameworksBuildPhase</string>
			<key>runOnlyForDeploymentPostprocessing</key>
			<string>0</string>
		</dict>
		<key>BE05CE6619DAF26B0089068B</key>
		<dict>
			<key>buildConfigurationList</key>
			<string>BE05CE7119DAF26B0089068B</string>
			<key>buildPhases</key>
			<array>
				<string>BE05CE6319DAF26B0089068B</string>
				<string>BE05CE6419DAF26B0089068B</string>
				<string>BE05CE8B19DB35530089068B</string>
				<string>BE05CE8C19DB35A50089068B</string>
			</array>
			<key>buildRules</key>
			<array/>
			<key>dependencies</key>
			<array/>
			<key>isa</key>
			<string>PBXNativeTarget</string>
			<key>name</key>
			<string>com.lindegroup.AutoPkgr.helper</string>
			<key>productName</key>
			<string>helper</string>
			<key>productReference</key>
			<string>BE05CE6719DAF26B0089068B</string>
			<key>productType</key>
			<string>com.apple.product-type.tool</string>
		</dict>
		<key>BE05CE6719DAF26B0089068B</key>
		<dict>
			<key>explicitFileType</key>
			<string>compiled.mach-o.executable</string>
			<key>includeInIndex</key>
			<string>0</string>
			<key>isa</key>
			<string>PBXFileReference</string>
			<key>path</key>
			<string>com.lindegroup.AutoPkgr.helper</string>
			<key>sourceTree</key>
			<string>BUILT_PRODUCTS_DIR</string>
		</dict>
		<key>BE05CE6819DAF26B0089068B</key>
		<dict>
			<key>children</key>
			<array>
				<string>BE05CE6919DAF26B0089068B</string>
				<string>BE05CE7919DAF5A30089068B</string>
				<string>BE05CE7A19DAF5A30089068B</string>
				<string>BE05CE7B19DAF5A30089068B</string>
				<string>BE05CE7D19DAF5B80089068B</string>
			</array>
			<key>isa</key>
			<string>PBXGroup</string>
			<key>path</key>
			<string>helper</string>
			<key>sourceTree</key>
			<string>&lt;group&gt;</string>
		</dict>
		<key>BE05CE6919DAF26B0089068B</key>
		<dict>
			<key>isa</key>
			<string>PBXFileReference</string>
			<key>lastKnownFileType</key>
			<string>sourcecode.c.objc</string>
			<key>path</key>
			<string>main.m</string>
			<key>sourceTree</key>
			<string>&lt;group&gt;</string>
		</dict>
		<key>BE05CE6A19DAF26B0089068B</key>
		<dict>
			<key>fileRef</key>
			<string>BE05CE6919DAF26B0089068B</string>
			<key>isa</key>
			<string>PBXBuildFile</string>
		</dict>
		<key>BE05CE6B19DAF26B0089068B</key>
		<dict>
			<key>baseConfigurationReference</key>
			<string>5F5D515706D5DA01E7256573</string>
			<key>buildSettings</key>
			<dict>
				<key>CLANG_WARN_UNREACHABLE_CODE</key>
				<string>YES</string>
				<key>CODE_SIGN_IDENTITY</key>
				<string>Developer ID Application: The Linde Group Computer Support Inc (JVY2ZR6SEF)</string>
				<key>ENABLE_STRICT_OBJC_MSGSEND</key>
				<string>YES</string>
				<key>FRAMEWORK_SEARCH_PATHS</key>
				<string></string>
				<key>GCC_PREFIX_HEADER</key>
				<string>helper/helper-Prefix.pch</string>
				<key>GCC_PREPROCESSOR_DEFINITIONS</key>
				<array>
					<string>$(inherited)</string>
					<string>COCOAPODS=1</string>
				</array>
				<key>HEADER_SEARCH_PATHS</key>
				<array>
					<string>"${PODS_ROOT}/Headers"</string>
					<string>"${PODS_ROOT}/Headers/AFNetworking"</string>
					<string>"${PODS_ROOT}/Headers/AHKeychain"</string>
					<string>"${PODS_ROOT}/Headers/AHLaunchCtl"</string>
				</array>
				<key>LIBRARY_SEARCH_PATHS</key>
				<string>$(USER_LIBRARY_DIR)/Developer/Xcode/DerivedData/AutoPkgr-gvffmulnnaejibfmmwfptzyobmbb/Build/Products/Debug</string>
				<key>MTL_ENABLE_DEBUG_INFO</key>
				<string>YES</string>
				<key>OTHER_CFLAGS</key>
				<array>
					<string>$(inherited)</string>
					<string>-isystem</string>
					<string>"${PODS_ROOT}/Headers"</string>
					<string>-isystem</string>
					<string>"${PODS_ROOT}/Headers/AFNetworking"</string>
					<string>-isystem</string>
					<string>"${PODS_ROOT}/Headers/AHKeychain"</string>
					<string>-isystem</string>
					<string>"${PODS_ROOT}/Headers/AHLaunchCtl"</string>
					<string>-isystem</string>
					<string>"${PODS_ROOT}/Headers/Sparkle"</string>
					<string>-isystem</string>
					<string>"${PODS_ROOT}/Headers/XMLDictionary"</string>
				</array>
				<key>OTHER_LDFLAGS</key>
				<array>
					<string>-sectcreate</string>
					<string>__TEXT</string>
					<string>__info_plist</string>
					<string>helper/helper-Info.plist</string>
					<string>-sectcreate</string>
					<string>__TEXT</string>
					<string>__launchd_plist</string>
					<string>helper/helper-Launchd.plist</string>
					<string>-ObjC</string>
				</array>
				<key>PRODUCT_NAME</key>
				<string>$(TARGET_NAME)</string>
			</dict>
			<key>isa</key>
			<string>XCBuildConfiguration</string>
			<key>name</key>
			<string>Debug</string>
		</dict>
		<key>BE05CE6C19DAF26B0089068B</key>
		<dict>
			<key>baseConfigurationReference</key>
			<string>906DD048439B1EC0FBD74F69</string>
			<key>buildSettings</key>
			<dict>
				<key>CLANG_WARN_UNREACHABLE_CODE</key>
				<string>YES</string>
				<key>CODE_SIGN_IDENTITY</key>
				<string>Developer ID Application: The Linde Group Computer Support Inc (JVY2ZR6SEF)</string>
				<key>ENABLE_STRICT_OBJC_MSGSEND</key>
				<string>YES</string>
				<key>FRAMEWORK_SEARCH_PATHS</key>
				<string></string>
				<key>GCC_PREFIX_HEADER</key>
				<string>helper/helper-Prefix.pch</string>
				<key>GCC_PREPROCESSOR_DEFINITIONS</key>
				<array>
					<string>$(inherited)</string>
					<string>COCOAPODS=1</string>
				</array>
				<key>HEADER_SEARCH_PATHS</key>
				<array>
					<string>"${PODS_ROOT}/Headers"</string>
					<string>"${PODS_ROOT}/Headers/AFNetworking"</string>
					<string>"${PODS_ROOT}/Headers/AHKeychain"</string>
					<string>"${PODS_ROOT}/Headers/AHLaunchCtl"</string>
				</array>
				<key>LIBRARY_SEARCH_PATHS</key>
				<string>$(USER_LIBRARY_DIR)/Developer/Xcode/DerivedData/AutoPkgr-gvffmulnnaejibfmmwfptzyobmbb/Build/Products/Debug</string>
				<key>MTL_ENABLE_DEBUG_INFO</key>
				<string>NO</string>
				<key>OTHER_CFLAGS</key>
				<array>
					<string>$(inherited)</string>
					<string>-isystem</string>
					<string>"${PODS_ROOT}/Headers"</string>
					<string>-isystem</string>
					<string>"${PODS_ROOT}/Headers/AFNetworking"</string>
					<string>-isystem</string>
					<string>"${PODS_ROOT}/Headers/AHKeychain"</string>
					<string>-isystem</string>
					<string>"${PODS_ROOT}/Headers/AHLaunchCtl"</string>
					<string>-isystem</string>
					<string>"${PODS_ROOT}/Headers/Sparkle"</string>
					<string>-isystem</string>
					<string>"${PODS_ROOT}/Headers/XMLDictionary"</string>
				</array>
				<key>OTHER_LDFLAGS</key>
				<array>
					<string>-sectcreate</string>
					<string>__TEXT</string>
					<string>__info_plist</string>
					<string>helper/helper-Info.plist</string>
					<string>-sectcreate</string>
					<string>__TEXT</string>
					<string>__launchd_plist</string>
					<string>helper/helper-Launchd.plist</string>
					<string>-ObjC</string>
				</array>
				<key>PRODUCT_NAME</key>
				<string>$(TARGET_NAME)</string>
			</dict>
			<key>isa</key>
			<string>XCBuildConfiguration</string>
			<key>name</key>
			<string>Release</string>
		</dict>
		<key>BE05CE7119DAF26B0089068B</key>
		<dict>
			<key>buildConfigurations</key>
			<array>
				<string>BE05CE6B19DAF26B0089068B</string>
				<string>BE05CE6C19DAF26B0089068B</string>
			</array>
			<key>defaultConfigurationIsVisible</key>
			<string>0</string>
			<key>defaultConfigurationName</key>
			<string>Release</string>
			<key>isa</key>
			<string>XCConfigurationList</string>
		</dict>
		<key>BE05CE7419DAF4C30089068B</key>
		<dict>
			<key>buildActionMask</key>
			<string>2147483647</string>
			<key>dstPath</key>
			<string>Contents/Library/LaunchServices</string>
			<key>dstSubfolderSpec</key>
			<string>1</string>
			<key>files</key>
			<array>
				<string>BE05CE7519DAF4DA0089068B</string>
			</array>
			<key>isa</key>
			<string>PBXCopyFilesBuildPhase</string>
			<key>runOnlyForDeploymentPostprocessing</key>
			<string>0</string>
		</dict>
		<key>BE05CE7519DAF4DA0089068B</key>
		<dict>
			<key>fileRef</key>
			<string>BE05CE6719DAF26B0089068B</string>
			<key>isa</key>
			<string>PBXBuildFile</string>
			<key>settings</key>
			<dict>
				<key>ATTRIBUTES</key>
				<array>
					<string>CodeSignOnCopy</string>
				</array>
			</dict>
		</dict>
		<key>BE05CE7619DAF5A30089068B</key>
		<dict>
			<key>fileEncoding</key>
			<string>4</string>
			<key>isa</key>
			<string>PBXFileReference</string>
			<key>lastKnownFileType</key>
			<string>text.plist.xml</string>
			<key>path</key>
			<string>helper-Info.plist</string>
			<key>sourceTree</key>
			<string>&lt;group&gt;</string>
		</dict>
		<key>BE05CE7719DAF5A30089068B</key>
		<dict>
			<key>fileEncoding</key>
			<string>4</string>
			<key>isa</key>
			<string>PBXFileReference</string>
			<key>lastKnownFileType</key>
			<string>text.plist.xml</string>
			<key>path</key>
			<string>helper-Launchd.plist</string>
			<key>sourceTree</key>
			<string>&lt;group&gt;</string>
		</dict>
		<key>BE05CE7819DAF5A30089068B</key>
		<dict>
			<key>fileEncoding</key>
			<string>4</string>
			<key>isa</key>
			<string>PBXFileReference</string>
			<key>lastKnownFileType</key>
			<string>sourcecode.c.h</string>
			<key>path</key>
			<string>helper-Prefix.pch</string>
			<key>sourceTree</key>
			<string>&lt;group&gt;</string>
		</dict>
		<key>BE05CE7919DAF5A30089068B</key>
		<dict>
			<key>fileEncoding</key>
			<string>4</string>
			<key>isa</key>
			<string>PBXFileReference</string>
			<key>lastKnownFileType</key>
			<string>sourcecode.c.h</string>
			<key>path</key>
			<string>LGAutoPkgrHelper.h</string>
			<key>sourceTree</key>
			<string>&lt;group&gt;</string>
		</dict>
		<key>BE05CE7A19DAF5A30089068B</key>
		<dict>
			<key>fileEncoding</key>
			<string>4</string>
			<key>isa</key>
			<string>PBXFileReference</string>
			<key>lastKnownFileType</key>
			<string>sourcecode.c.objc</string>
			<key>path</key>
			<string>LGAutoPkgrHelper.m</string>
			<key>sourceTree</key>
			<string>&lt;group&gt;</string>
		</dict>
		<key>BE05CE7B19DAF5A30089068B</key>
		<dict>
			<key>fileEncoding</key>
			<string>4</string>
			<key>isa</key>
			<string>PBXFileReference</string>
			<key>lastKnownFileType</key>
			<string>sourcecode.c.h</string>
			<key>path</key>
			<string>LGAutoPkgrProtocol.h</string>
			<key>sourceTree</key>
			<string>&lt;group&gt;</string>
		</dict>
		<key>BE05CE7C19DAF5A30089068B</key>
		<dict>
			<key>fileRef</key>
			<string>BE05CE7A19DAF5A30089068B</string>
			<key>isa</key>
			<string>PBXBuildFile</string>
		</dict>
		<key>BE05CE7D19DAF5B80089068B</key>
		<dict>
			<key>children</key>
			<array>
				<string>BE05CE7619DAF5A30089068B</string>
				<string>BE05CE7719DAF5A30089068B</string>
				<string>BE05CE7819DAF5A30089068B</string>
			</array>
			<key>isa</key>
			<string>PBXGroup</string>
			<key>name</key>
			<string>Supporting Files</string>
			<key>sourceTree</key>
			<string>&lt;group&gt;</string>
		</dict>
		<key>BE05CE7E19DAF6320089068B</key>
		<dict>
			<key>fileEncoding</key>
			<string>4</string>
			<key>isa</key>
			<string>PBXFileReference</string>
			<key>lastKnownFileType</key>
			<string>sourcecode.c.h</string>
			<key>path</key>
			<string>LGAutoPkgrAuthorizer.h</string>
			<key>sourceTree</key>
			<string>&lt;group&gt;</string>
		</dict>
		<key>BE05CE7F19DAF6320089068B</key>
		<dict>
			<key>fileEncoding</key>
			<string>4</string>
			<key>isa</key>
			<string>PBXFileReference</string>
			<key>lastKnownFileType</key>
			<string>sourcecode.c.objc</string>
			<key>path</key>
			<string>LGAutoPkgrAuthorizer.m</string>
			<key>sourceTree</key>
			<string>&lt;group&gt;</string>
		</dict>
		<key>BE05CE8019DAF6320089068B</key>
		<dict>
			<key>fileEncoding</key>
			<string>4</string>
			<key>isa</key>
			<string>PBXFileReference</string>
			<key>lastKnownFileType</key>
			<string>sourcecode.c.h</string>
			<key>path</key>
			<string>LGAutoPkgrHelperConnection.h</string>
			<key>sourceTree</key>
			<string>&lt;group&gt;</string>
		</dict>
		<key>BE05CE8119DAF6320089068B</key>
		<dict>
			<key>fileEncoding</key>
			<string>4</string>
			<key>isa</key>
			<string>PBXFileReference</string>
			<key>lastKnownFileType</key>
			<string>sourcecode.c.objc</string>
			<key>path</key>
			<string>LGAutoPkgrHelperConnection.m</string>
			<key>sourceTree</key>
			<string>&lt;group&gt;</string>
		</dict>
		<key>BE05CE8219DAF6320089068B</key>
		<dict>
			<key>fileRef</key>
			<string>BE05CE7F19DAF6320089068B</string>
			<key>isa</key>
			<string>PBXBuildFile</string>
		</dict>
		<key>BE05CE8319DAF6320089068B</key>
		<dict>
			<key>fileRef</key>
			<string>BE05CE8119DAF6320089068B</string>
			<key>isa</key>
			<string>PBXBuildFile</string>
		</dict>
		<key>BE05CE8419DAF63D0089068B</key>
		<dict>
			<key>children</key>
			<array>
				<string>BE05CE7E19DAF6320089068B</string>
				<string>BE05CE7F19DAF6320089068B</string>
				<string>BE05CE8019DAF6320089068B</string>
				<string>BE05CE8119DAF6320089068B</string>
			</array>
			<key>isa</key>
			<string>PBXGroup</string>
			<key>name</key>
			<string>Helper Tool Communication</string>
			<key>sourceTree</key>
			<string>&lt;group&gt;</string>
		</dict>
		<key>BE05CE8519DB35380089068B</key>
		<dict>
			<key>isa</key>
			<string>PBXFileReference</string>
			<key>lastKnownFileType</key>
			<string>archive.ar</string>
			<key>name</key>
			<string>libPods-AutoPkgr-AHKeychain.a</string>
			<key>path</key>
			<string>../../../../Library/Developer/Xcode/DerivedData/AutoPkgr-gvffmulnnaejibfmmwfptzyobmbb/Build/Products/Debug/libPods-AutoPkgr-AHKeychain.a</string>
			<key>sourceTree</key>
			<string>&lt;group&gt;</string>
		</dict>
		<key>BE05CE8619DB35380089068B</key>
		<dict>
			<key>isa</key>
			<string>PBXFileReference</string>
			<key>lastKnownFileType</key>
			<string>archive.ar</string>
			<key>name</key>
			<string>libPods-AutoPkgr-AHLaunchCtl.a</string>
			<key>path</key>
			<string>../../../../Library/Developer/Xcode/DerivedData/AutoPkgr-gvffmulnnaejibfmmwfptzyobmbb/Build/Products/Debug/libPods-AutoPkgr-AHLaunchCtl.a</string>
			<key>sourceTree</key>
			<string>&lt;group&gt;</string>
		</dict>
		<key>BE05CE8719DB35380089068B</key>
		<dict>
			<key>fileRef</key>
			<string>BE05CE8519DB35380089068B</string>
			<key>isa</key>
			<string>PBXBuildFile</string>
		</dict>
		<key>BE05CE8819DB35380089068B</key>
		<dict>
			<key>fileRef</key>
			<string>BE05CE8619DB35380089068B</string>
			<key>isa</key>
			<string>PBXBuildFile</string>
		</dict>
		<key>BE05CE8919DB35460089068B</key>
		<dict>
			<key>containerPortal</key>
			<string>1AC69545195B59ED00D2BD81</string>
			<key>isa</key>
			<string>PBXContainerItemProxy</string>
			<key>proxyType</key>
			<string>1</string>
			<key>remoteGlobalIDString</key>
			<string>BE05CE6619DAF26B0089068B</string>
			<key>remoteInfo</key>
			<string>com.lindegroup.AutoPkgr.helper</string>
		</dict>
		<key>BE05CE8A19DB35460089068B</key>
		<dict>
			<key>isa</key>
			<string>PBXTargetDependency</string>
			<key>target</key>
			<string>BE05CE6619DAF26B0089068B</string>
			<key>targetProxy</key>
			<string>BE05CE8919DB35460089068B</string>
		</dict>
		<key>BE05CE8B19DB35530089068B</key>
		<dict>
			<key>buildActionMask</key>
			<string>2147483647</string>
			<key>files</key>
			<array/>
			<key>inputPaths</key>
			<array/>
			<key>isa</key>
			<string>PBXShellScriptBuildPhase</string>
			<key>name</key>
			<string>Check Pods Manifest.lock</string>
			<key>outputPaths</key>
			<array/>
			<key>runOnlyForDeploymentPostprocessing</key>
			<string>0</string>
			<key>shellPath</key>
			<string>/bin/sh</string>
			<key>shellScript</key>
			<string>diff "${PODS_ROOT}/../Podfile.lock" "${PODS_ROOT}/Manifest.lock" &gt; /dev/null
if [[ $? != 0 ]] ; then
cat &lt;&lt; EOM
error: The sandbox is not in sync with the Podfile.lock. Run 'pod install' or update your CocoaPods installation.
EOM
exit 1
fi
</string>
		</dict>
		<key>BE05CE8C19DB35A50089068B</key>
		<dict>
			<key>buildActionMask</key>
			<string>2147483647</string>
			<key>files</key>
			<array/>
			<key>inputPaths</key>
			<array/>
			<key>isa</key>
			<string>PBXShellScriptBuildPhase</string>
			<key>name</key>
			<string>Copy POD Resources</string>
			<key>outputPaths</key>
			<array/>
			<key>runOnlyForDeploymentPostprocessing</key>
			<string>0</string>
			<key>shellPath</key>
			<string>/bin/sh</string>
			<key>shellScript</key>
			<string>"${SRCROOT}/Pods/Target Support Files/Pods-AutoPkgr/Pods-AutoPkgr-resources.sh"
</string>
		</dict>
		<key>BE05CE8D19DB379C0089068B</key>
		<dict>
			<key>fileRef</key>
			<string>BE05CE7F19DAF6320089068B</string>
			<key>isa</key>
			<string>PBXBuildFile</string>
		</dict>
		<key>BE05CE8E19DB37DF0089068B</key>
		<dict>
			<key>fileRef</key>
			<string>1A0A86B0195CE69300A49434</string>
			<key>isa</key>
			<string>PBXBuildFile</string>
		</dict>
		<key>BE05CE8F19DB37E50089068B</key>
		<dict>
			<key>isa</key>
			<string>PBXFileReference</string>
			<key>lastKnownFileType</key>
			<string>wrapper.framework</string>
			<key>name</key>
			<string>ServiceManagement.framework</string>
			<key>path</key>
			<string>System/Library/Frameworks/ServiceManagement.framework</string>
			<key>sourceTree</key>
			<string>SDKROOT</string>
		</dict>
		<key>BE05CE9019DB37E50089068B</key>
		<dict>
			<key>fileRef</key>
			<string>BE05CE8F19DB37E50089068B</string>
			<key>isa</key>
			<string>PBXBuildFile</string>
		</dict>
		<key>BE05CE9119DB380F0089068B</key>
		<dict>
			<key>fileRef</key>
			<string>1AC98409195CE7D60071CAB3</string>
			<key>isa</key>
			<string>PBXBuildFile</string>
		</dict>
		<key>BE05CE9219DB38180089068B</key>
		<dict>
			<key>fileRef</key>
			<string>BEFC931C1995F0710074C938</string>
			<key>isa</key>
			<string>PBXBuildFile</string>
		</dict>
		<key>BE0E857719D668F600B25B5E</key>
		<dict>
			<key>fileEncoding</key>
			<string>4</string>
			<key>isa</key>
			<string>PBXFileReference</string>
			<key>lastKnownFileType</key>
			<string>sourcecode.c.h</string>
			<key>path</key>
			<string>LGHTTPRequest.h</string>
			<key>sourceTree</key>
			<string>&lt;group&gt;</string>
		</dict>
		<key>BE0E857819D668F600B25B5E</key>
		<dict>
			<key>fileEncoding</key>
			<string>4</string>
			<key>isa</key>
			<string>PBXFileReference</string>
			<key>lastKnownFileType</key>
			<string>sourcecode.c.objc</string>
			<key>path</key>
			<string>LGHTTPRequest.m</string>
			<key>sourceTree</key>
			<string>&lt;group&gt;</string>
		</dict>
		<key>BE0E857919D668F600B25B5E</key>
		<dict>
			<key>fileRef</key>
			<string>BE0E857819D668F600B25B5E</string>
			<key>isa</key>
			<string>PBXBuildFile</string>
		</dict>
		<key>BE13A88919E2568D008A49A1</key>
		<dict>
			<key>isa</key>
			<string>PBXFileReference</string>
			<key>lastKnownFileType</key>
			<string>text.script.python</string>
			<key>path</key>
			<string>helper-tool-codesing-config.py</string>
			<key>sourceTree</key>
			<string>&lt;group&gt;</string>
		</dict>
		<key>BE13A88A19E256A0008A49A1</key>
		<dict>
			<key>buildActionMask</key>
			<string>2147483647</string>
			<key>files</key>
			<array/>
			<key>inputPaths</key>
			<array/>
			<key>isa</key>
			<string>PBXShellScriptBuildPhase</string>
			<key>outputPaths</key>
			<array/>
			<key>runOnlyForDeploymentPostprocessing</key>
			<string>0</string>
			<key>shellPath</key>
			<string>/bin/sh</string>
			<key>shellScript</key>
			<string>"${PROJECT_DIR}/scripts/helper-tool-codesing-config.py"</string>
		</dict>
		<key>BE1C810119E8224000EF77F3</key>
		<dict>
			<key>fileEncoding</key>
			<string>4</string>
			<key>isa</key>
			<string>PBXFileReference</string>
			<key>lastKnownFileType</key>
			<string>sourcecode.c.h</string>
			<key>name</key>
			<string>NSImage+statusLight.h</string>
			<key>path</key>
			<string>Custom Catagories/NSImage+statusLight.h</string>
			<key>sourceTree</key>
			<string>&lt;group&gt;</string>
		</dict>
		<key>BE1C810219E8224000EF77F3</key>
		<dict>
			<key>fileEncoding</key>
			<string>4</string>
			<key>isa</key>
			<string>PBXFileReference</string>
			<key>lastKnownFileType</key>
			<string>sourcecode.c.objc</string>
			<key>name</key>
			<string>NSImage+statusLight.m</string>
			<key>path</key>
			<string>Custom Catagories/NSImage+statusLight.m</string>
			<key>sourceTree</key>
			<string>&lt;group&gt;</string>
		</dict>
		<key>BE1C810319E8224000EF77F3</key>
		<dict>
			<key>fileRef</key>
			<string>BE1C810219E8224000EF77F3</string>
			<key>isa</key>
			<string>PBXBuildFile</string>
		</dict>
		<key>BE1C810419E8224000EF77F3</key>
		<dict>
			<key>fileRef</key>
			<string>BE1C810219E8224000EF77F3</string>
			<key>isa</key>
			<string>PBXBuildFile</string>
		</dict>
		<key>BE32178919ED9ACA00A92E5A</key>
		<dict>
			<key>fileEncoding</key>
			<string>4</string>
			<key>isa</key>
			<string>PBXFileReference</string>
			<key>lastKnownFileType</key>
			<string>sourcecode.c.h</string>
			<key>path</key>
			<string>LGRecipeOverrides.h</string>
			<key>sourceTree</key>
			<string>&lt;group&gt;</string>
		</dict>
		<key>BE32178A19ED9ACA00A92E5A</key>
		<dict>
			<key>fileEncoding</key>
			<string>4</string>
			<key>isa</key>
			<string>PBXFileReference</string>
			<key>lastKnownFileType</key>
			<string>sourcecode.c.objc</string>
			<key>path</key>
			<string>LGRecipeOverrides.m</string>
			<key>sourceTree</key>
			<string>&lt;group&gt;</string>
		</dict>
		<key>BE32178B19ED9ACA00A92E5A</key>
		<dict>
			<key>fileRef</key>
			<string>BE32178A19ED9ACA00A92E5A</string>
			<key>isa</key>
			<string>PBXBuildFile</string>
		</dict>
		<key>BE32178C19EDA15400A92E5A</key>
		<dict>
			<key>fileEncoding</key>
			<string>4</string>
			<key>isa</key>
			<string>PBXFileReference</string>
			<key>lastKnownFileType</key>
			<string>sourcecode.c.h</string>
			<key>path</key>
			<string>LGTableView.h</string>
			<key>sourceTree</key>
			<string>&lt;group&gt;</string>
		</dict>
		<key>BE32178D19EDA15400A92E5A</key>
		<dict>
			<key>fileEncoding</key>
			<string>4</string>
			<key>isa</key>
			<string>PBXFileReference</string>
			<key>lastKnownFileType</key>
			<string>sourcecode.c.objc</string>
			<key>path</key>
			<string>LGTableView.m</string>
			<key>sourceTree</key>
			<string>&lt;group&gt;</string>
		</dict>
		<key>BE34DF2B19AA21E200DC2FAF</key>
		<dict>
			<key>isa</key>
			<string>PBXFileReference</string>
			<key>lastKnownFileType</key>
			<string>sourcecode.c.h</string>
			<key>path</key>
			<string>LGAutoPkgr.h</string>
			<key>sourceTree</key>
			<string>&lt;group&gt;</string>
		</dict>
		<key>BE39FE5119DFBB0100C1B4A1</key>
		<dict>
			<key>fileEncoding</key>
			<string>4</string>
			<key>isa</key>
			<string>PBXFileReference</string>
			<key>lastKnownFileType</key>
			<string>sourcecode.c.h</string>
			<key>name</key>
			<string>LGDefaults+JSSAddon.h</string>
			<key>path</key>
			<string>Custom Catagories/LGDefaults+JSSAddon.h</string>
			<key>sourceTree</key>
			<string>&lt;group&gt;</string>
		</dict>
		<key>BE39FE5219DFBB0100C1B4A1</key>
		<dict>
			<key>fileEncoding</key>
			<string>4</string>
			<key>isa</key>
			<string>PBXFileReference</string>
			<key>lastKnownFileType</key>
			<string>sourcecode.c.objc</string>
			<key>name</key>
			<string>LGDefaults+JSSAddon.m</string>
			<key>path</key>
			<string>Custom Catagories/LGDefaults+JSSAddon.m</string>
			<key>sourceTree</key>
			<string>&lt;group&gt;</string>
		</dict>
		<key>BE39FE5319DFBB0100C1B4A1</key>
		<dict>
			<key>fileRef</key>
			<string>BE39FE5219DFBB0100C1B4A1</string>
			<key>isa</key>
			<string>PBXBuildFile</string>
		</dict>
		<key>BE39FE5419DFBB2900C1B4A1</key>
		<dict>
			<key>children</key>
			<array>
				<string>BE1C810119E8224000EF77F3</string>
				<string>BE1C810219E8224000EF77F3</string>
				<string>BE73CDC519E062AC00441443</string>
				<string>BE73CDC619E062AC00441443</string>
				<string>BEE8CF1119E0E7F400981C4B</string>
				<string>BEE8CF1219E0E7F400981C4B</string>
				<string>BE39FE5119DFBB0100C1B4A1</string>
				<string>BE39FE5219DFBB0100C1B4A1</string>
				<string>BED02ADA1A194F9C00714CC2</string>
				<string>BED02ADB1A194F9C00714CC2</string>
			</array>
			<key>isa</key>
			<string>PBXGroup</string>
			<key>name</key>
			<string>Custom Categories</string>
			<key>sourceTree</key>
			<string>&lt;group&gt;</string>
		</dict>
		<key>BE40CB7719D4441600A1DABD</key>
		<dict>
			<key>children</key>
			<array>
				<string>BE94AA7B19BB8A78001A00D0</string>
				<string>1AC69562195B59EE00D2BD81</string>
				<string>1AC69563195B59EE00D2BD81</string>
				<string>1AC9841C195CEC350071CAB3</string>
				<string>1AC9841D195CEC350071CAB3</string>
				<string>6A0BABE7196E560000A136BB</string>
				<string>6A0BABE8196E560000A136BB</string>
				<string>6A0ACE32196FB349002C7FE4</string>
				<string>6A0ACE33196FB349002C7FE4</string>
				<string>BE32178919ED9ACA00A92E5A</string>
				<string>BE32178A19ED9ACA00A92E5A</string>
				<string>BE32178C19EDA15400A92E5A</string>
				<string>BE32178D19EDA15400A92E5A</string>
				<string>BE57733619D519E400D872A4</string>
				<string>BE57733719D519E400D872A4</string>
			</array>
			<key>isa</key>
			<string>PBXGroup</string>
			<key>name</key>
			<string>UI Classes</string>
			<key>sourceTree</key>
			<string>&lt;group&gt;</string>
		</dict>
		<key>BE40CB7819D4444D00A1DABD</key>
		<dict>
			<key>children</key>
			<array>
				<string>BE34DF2B19AA21E200DC2FAF</string>
				<string>1AC98408195CE7D60071CAB3</string>
				<string>1AC98409195CE7D60071CAB3</string>
				<string>BE8799491995BA410082472B</string>
				<string>BE87994A1995BA410082472B</string>
				<string>BEFC931B1995F0710074C938</string>
				<string>BEFC931C1995F0710074C938</string>
				<string>1AC86D3B195E0AC6006FDD2B</string>
				<string>1AC86D3C195E0AC6006FDD2B</string>
				<string>BE0E857719D668F600B25B5E</string>
				<string>BE0E857819D668F600B25B5E</string>
				<string>1A979FDE1960BCCC00EE9881</string>
				<string>1A979FDF1960BCCC00EE9881</string>
				<string>1A1BAD94197A0407008192A7</string>
				<string>1A1BAD95197A0407008192A7</string>
			</array>
			<key>isa</key>
			<string>PBXGroup</string>
			<key>name</key>
			<string>Utility Classes</string>
			<key>sourceTree</key>
			<string>&lt;group&gt;</string>
		</dict>
		<key>BE57733619D519E400D872A4</key>
		<dict>
			<key>fileEncoding</key>
			<string>4</string>
			<key>isa</key>
			<string>PBXFileReference</string>
			<key>lastKnownFileType</key>
			<string>sourcecode.c.h</string>
			<key>path</key>
			<string>LGJSSAddon.h</string>
			<key>sourceTree</key>
			<string>&lt;group&gt;</string>
		</dict>
		<key>BE57733719D519E400D872A4</key>
		<dict>
			<key>fileEncoding</key>
			<string>4</string>
			<key>isa</key>
			<string>PBXFileReference</string>
			<key>lastKnownFileType</key>
			<string>sourcecode.c.objc</string>
			<key>path</key>
			<string>LGJSSAddon.m</string>
			<key>sourceTree</key>
			<string>&lt;group&gt;</string>
		</dict>
		<key>BE57AC2A19BA3BBC00BB17B1</key>
		<dict>
			<key>fileRef</key>
			<string>BE57AC2C19BA3BBC00BB17B1</string>
			<key>isa</key>
			<string>PBXBuildFile</string>
		</dict>
		<key>BE57AC2B19BA3BBC00BB17B1</key>
		<dict>
			<key>isa</key>
			<string>PBXFileReference</string>
			<key>lastKnownFileType</key>
			<string>text.plist.strings</string>
			<key>name</key>
			<string>en</string>
			<key>path</key>
			<string>en.lproj/Localizable.strings</string>
			<key>sourceTree</key>
			<string>&lt;group&gt;</string>
		</dict>
		<key>BE57AC2C19BA3BBC00BB17B1</key>
		<dict>
			<key>children</key>
			<array>
				<string>BE57AC2B19BA3BBC00BB17B1</string>
			</array>
			<key>isa</key>
			<string>PBXVariantGroup</string>
			<key>name</key>
			<string>Localizable.strings</string>
			<key>path</key>
			<string>..</string>
			<key>sourceTree</key>
			<string>&lt;group&gt;</string>
		</dict>
		<key>BE6815D31A0B18DE004AD310</key>
		<dict>
			<key>fileEncoding</key>
			<string>4</string>
			<key>isa</key>
			<string>PBXFileReference</string>
			<key>lastKnownFileType</key>
			<string>sourcecode.c.h</string>
			<key>path</key>
			<string>LGUserNotifications.h</string>
			<key>sourceTree</key>
			<string>&lt;group&gt;</string>
		</dict>
		<key>BE6815D41A0B18DE004AD310</key>
		<dict>
			<key>fileEncoding</key>
			<string>4</string>
			<key>isa</key>
			<string>PBXFileReference</string>
			<key>lastKnownFileType</key>
			<string>sourcecode.c.objc</string>
			<key>path</key>
			<string>LGUserNotifications.m</string>
			<key>sourceTree</key>
			<string>&lt;group&gt;</string>
		</dict>
		<key>BE6815D51A0B18DE004AD310</key>
		<dict>
			<key>fileRef</key>
			<string>BE6815D41A0B18DE004AD310</string>
			<key>isa</key>
			<string>PBXBuildFile</string>
		</dict>
		<key>BE73CDC519E062AC00441443</key>
		<dict>
			<key>fileEncoding</key>
			<string>4</string>
			<key>isa</key>
			<string>PBXFileReference</string>
			<key>lastKnownFileType</key>
			<string>sourcecode.c.h</string>
			<key>name</key>
			<string>NSString+cleaned.h</string>
			<key>path</key>
			<string>Custom Catagories/NSString+cleaned.h</string>
			<key>sourceTree</key>
			<string>&lt;group&gt;</string>
		</dict>
		<key>BE73CDC619E062AC00441443</key>
		<dict>
			<key>fileEncoding</key>
			<string>4</string>
			<key>isa</key>
			<string>PBXFileReference</string>
			<key>lastKnownFileType</key>
			<string>sourcecode.c.objc</string>
			<key>name</key>
			<string>NSString+cleaned.m</string>
			<key>path</key>
			<string>Custom Catagories/NSString+cleaned.m</string>
			<key>sourceTree</key>
			<string>&lt;group&gt;</string>
		</dict>
		<key>BE73CDC719E062AC00441443</key>
		<dict>
			<key>fileRef</key>
			<string>BE73CDC619E062AC00441443</string>
			<key>isa</key>
			<string>PBXBuildFile</string>
		</dict>
		<key>BE8526B119D5F641007DFA9E</key>
		<dict>
			<key>isa</key>
			<string>PBXFileReference</string>
			<key>lastKnownFileType</key>
			<string>wrapper.framework</string>
			<key>name</key>
			<string>SecurityInterface.framework</string>
			<key>path</key>
			<string>System/Library/Frameworks/SecurityInterface.framework</string>
			<key>sourceTree</key>
			<string>SDKROOT</string>
		</dict>
		<key>BE8526B219D5F641007DFA9E</key>
		<dict>
			<key>fileRef</key>
			<string>BE8526B119D5F641007DFA9E</string>
			<key>isa</key>
			<string>PBXBuildFile</string>
		</dict>
		<key>BE8799491995BA410082472B</key>
		<dict>
			<key>fileEncoding</key>
			<string>4</string>
			<key>isa</key>
			<string>PBXFileReference</string>
			<key>lastKnownFileType</key>
			<string>sourcecode.c.h</string>
			<key>path</key>
			<string>LGDefaults.h</string>
			<key>sourceTree</key>
			<string>&lt;group&gt;</string>
		</dict>
		<key>BE87994A1995BA410082472B</key>
		<dict>
			<key>fileEncoding</key>
			<string>4</string>
			<key>isa</key>
			<string>PBXFileReference</string>
			<key>lastKnownFileType</key>
			<string>sourcecode.c.objc</string>
			<key>path</key>
			<string>LGDefaults.m</string>
			<key>sourceTree</key>
			<string>&lt;group&gt;</string>
		</dict>
		<key>BE87994B1995BA410082472B</key>
		<dict>
			<key>fileRef</key>
			<string>BE87994A1995BA410082472B</string>
			<key>isa</key>
			<string>PBXBuildFile</string>
		</dict>
		<key>BE94AA7B19BB8A78001A00D0</key>
		<dict>
			<key>isa</key>
			<string>PBXFileReference</string>
			<key>lastKnownFileType</key>
			<string>sourcecode.c.h</string>
			<key>path</key>
			<string>LGProgressDelegate.h</string>
			<key>sourceTree</key>
			<string>&lt;group&gt;</string>
		</dict>
		<key>BEAA76CA19BFD635002D73EE</key>
		<dict>
			<key>fileEncoding</key>
			<string>4</string>
			<key>isa</key>
			<string>PBXFileReference</string>
			<key>lastKnownFileType</key>
			<string>sourcecode.c.h</string>
			<key>path</key>
			<string>LGInstaller.h</string>
			<key>sourceTree</key>
			<string>&lt;group&gt;</string>
		</dict>
		<key>BEAA76CB19BFD635002D73EE</key>
		<dict>
			<key>fileEncoding</key>
			<string>4</string>
			<key>isa</key>
			<string>PBXFileReference</string>
			<key>lastKnownFileType</key>
			<string>sourcecode.c.objc</string>
			<key>path</key>
			<string>LGInstaller.m</string>
			<key>sourceTree</key>
			<string>&lt;group&gt;</string>
		</dict>
		<key>BEB068C61A06AE280007E29E</key>
		<dict>
			<key>containerPortal</key>
			<string>1A0A869D195CE5DB00A49434</string>
			<key>isa</key>
			<string>PBXContainerItemProxy</string>
			<key>proxyType</key>
			<string>2</string>
			<key>remoteGlobalIDString</key>
			<string>27780C3A19CF9CD100C77E44</string>
			<key>remoteInfo</key>
			<string>mailcore ios</string>
		</dict>
		<key>BEB068C71A06AE280007E29E</key>
		<dict>
			<key>fileType</key>
			<string>wrapper.framework</string>
			<key>isa</key>
			<string>PBXReferenceProxy</string>
			<key>path</key>
			<string>MailCore.framework</string>
			<key>remoteRef</key>
			<string>BEB068C61A06AE280007E29E</string>
			<key>sourceTree</key>
			<string>BUILT_PRODUCTS_DIR</string>
		</dict>
		<key>BEB068C81A06AE280007E29E</key>
		<dict>
			<key>containerPortal</key>
			<string>1A0A869D195CE5DB00A49434</string>
			<key>isa</key>
			<string>PBXContainerItemProxy</string>
			<key>proxyType</key>
			<string>2</string>
			<key>remoteGlobalIDString</key>
			<string>C6B5AE0219F630B3001352A6</string>
			<key>remoteInfo</key>
			<string>unittest</string>
		</dict>
		<key>BEB068C91A06AE280007E29E</key>
		<dict>
			<key>fileType</key>
			<string>wrapper.cfbundle</string>
			<key>isa</key>
			<string>PBXReferenceProxy</string>
			<key>path</key>
			<string>unittest.xctest</string>
			<key>remoteRef</key>
			<string>BEB068C81A06AE280007E29E</string>
			<key>sourceTree</key>
			<string>BUILT_PRODUCTS_DIR</string>
		</dict>
		<key>BEC1258519F045EB006696C4</key>
		<dict>
			<key>fileRef</key>
			<string>6A0ACE33196FB349002C7FE4</string>
			<key>isa</key>
			<string>PBXBuildFile</string>
		</dict>
		<key>BEC1258619F0465C006696C4</key>
		<dict>
			<key>fileRef</key>
			<string>1AC9841D195CEC350071CAB3</string>
			<key>isa</key>
			<string>PBXBuildFile</string>
		</dict>
		<key>BEC1258719F0465F006696C4</key>
		<dict>
			<key>fileRef</key>
			<string>BE025CF519BAE93400D36345</string>
			<key>isa</key>
			<string>PBXBuildFile</string>
		</dict>
		<key>BEC1258819F046C5006696C4</key>
		<dict>
			<key>fileRef</key>
			<string>BE57733719D519E400D872A4</string>
			<key>isa</key>
			<string>PBXBuildFile</string>
		</dict>
		<key>BEC1258919F046FA006696C4</key>
		<dict>
			<key>fileRef</key>
			<string>1AC6955C195B59ED00D2BD81</string>
			<key>isa</key>
			<string>PBXBuildFile</string>
		</dict>
		<key>BEC1258A19F04703006696C4</key>
		<dict>
			<key>fileRef</key>
			<string>BEAA76CB19BFD635002D73EE</string>
			<key>isa</key>
			<string>PBXBuildFile</string>
		</dict>
		<key>BEC1258B19F04703006696C4</key>
		<dict>
			<key>fileRef</key>
			<string>6A0BABE8196E560000A136BB</string>
			<key>isa</key>
			<string>PBXBuildFile</string>
		</dict>
		<key>BEC1258C19F049A1006696C4</key>
		<dict>
			<key>fileRef</key>
			<string>BE32178D19EDA15400A92E5A</string>
			<key>isa</key>
			<string>PBXBuildFile</string>
		</dict>
		<key>BECFF2B619CA9854004C2721</key>
		<dict>
			<key>buildActionMask</key>
			<string>2147483647</string>
			<key>files</key>
			<array/>
			<key>inputPaths</key>
			<array/>
			<key>isa</key>
			<string>PBXShellScriptBuildPhase</string>
			<key>name</key>
			<string>Run Script</string>
			<key>outputPaths</key>
			<array/>
			<key>runOnlyForDeploymentPostprocessing</key>
			<string>0</string>
			<key>shellPath</key>
			<string>/bin/sh</string>
			<key>shellScript</key>
			<string># Update build number with number of git commits if in release mode

[[ ${CONFIGURATION} != "Release" ]] &amp;&amp; exit 0

buildNumber=$(git rev-list HEAD | wc -l | tr -d ' ')
/usr/libexec/PlistBuddy -c "Set :CFBundleVersion $buildNumber" "${PROJECT_DIR}/${INFOPLIST_FILE}"
</string>
		</dict>
		<key>BED02ADA1A194F9C00714CC2</key>
		<dict>
			<key>fileEncoding</key>
			<string>4</string>
			<key>isa</key>
			<string>PBXFileReference</string>
			<key>lastKnownFileType</key>
			<string>sourcecode.c.h</string>
			<key>name</key>
			<string>NSArray+filtered.h</string>
			<key>path</key>
			<string>Custom Catagories/NSArray+filtered.h</string>
			<key>sourceTree</key>
			<string>&lt;group&gt;</string>
		</dict>
		<key>BED02ADB1A194F9C00714CC2</key>
		<dict>
			<key>fileEncoding</key>
			<string>4</string>
			<key>isa</key>
			<string>PBXFileReference</string>
			<key>lastKnownFileType</key>
			<string>sourcecode.c.objc</string>
			<key>name</key>
			<string>NSArray+filtered.m</string>
			<key>path</key>
			<string>Custom Catagories/NSArray+filtered.m</string>
			<key>sourceTree</key>
			<string>&lt;group&gt;</string>
		</dict>
		<key>BED02ADC1A194F9C00714CC2</key>
		<dict>
			<key>fileRef</key>
			<string>BED02ADB1A194F9C00714CC2</string>
			<key>isa</key>
			<string>PBXBuildFile</string>
		</dict>
		<key>BEE05F051A05CDBE00EF80B3</key>
		<dict>
			<key>isa</key>
			<string>PBXFileReference</string>
			<key>lastKnownFileType</key>
			<string>archive.ar</string>
			<key>name</key>
			<string>libPods-AutoPkgr-AHCodesignVerifier.a</string>
			<key>path</key>
			<string>../../../../Library/Developer/Xcode/DerivedData/AutoPkgr-gvffmulnnaejibfmmwfptzyobmbb/Build/Products/Debug/libPods-AutoPkgr-AHCodesignVerifier.a</string>
			<key>sourceTree</key>
			<string>&lt;group&gt;</string>
		</dict>
		<key>BEE05F061A05CDBE00EF80B3</key>
		<dict>
			<key>fileRef</key>
			<string>BEE05F051A05CDBE00EF80B3</string>
			<key>isa</key>
			<string>PBXBuildFile</string>
		</dict>
		<key>BEE8CF1119E0E7F400981C4B</key>
		<dict>
			<key>fileEncoding</key>
			<string>4</string>
			<key>isa</key>
			<string>PBXFileReference</string>
			<key>lastKnownFileType</key>
			<string>sourcecode.c.h</string>
			<key>name</key>
			<string>NSTextField+setSafeStringValue.h</string>
			<key>path</key>
			<string>Custom Catagories/NSTextField+setSafeStringValue.h</string>
			<key>sourceTree</key>
			<string>&lt;group&gt;</string>
		</dict>
		<key>BEE8CF1219E0E7F400981C4B</key>
		<dict>
			<key>fileEncoding</key>
			<string>4</string>
			<key>isa</key>
			<string>PBXFileReference</string>
			<key>lastKnownFileType</key>
			<string>sourcecode.c.objc</string>
			<key>name</key>
			<string>NSTextField+setSafeStringValue.m</string>
			<key>path</key>
			<string>Custom Catagories/NSTextField+setSafeStringValue.m</string>
			<key>sourceTree</key>
			<string>&lt;group&gt;</string>
		</dict>
		<key>BEE8CF1319E0E7F400981C4B</key>
		<dict>
			<key>fileRef</key>
			<string>BEE8CF1219E0E7F400981C4B</string>
			<key>isa</key>
			<string>PBXBuildFile</string>
		</dict>
		<key>BEFC931B1995F0710074C938</key>
		<dict>
			<key>fileEncoding</key>
			<string>4</string>
			<key>isa</key>
			<string>PBXFileReference</string>
			<key>lastKnownFileType</key>
			<string>sourcecode.c.h</string>
			<key>path</key>
			<string>LGError.h</string>
			<key>sourceTree</key>
			<string>&lt;group&gt;</string>
		</dict>
		<key>BEFC931C1995F0710074C938</key>
		<dict>
			<key>fileEncoding</key>
			<string>4</string>
			<key>isa</key>
			<string>PBXFileReference</string>
			<key>lastKnownFileType</key>
			<string>sourcecode.c.objc</string>
			<key>path</key>
			<string>LGError.m</string>
			<key>sourceTree</key>
			<string>&lt;group&gt;</string>
		</dict>
		<key>BEFC931D1995F0710074C938</key>
		<dict>
			<key>fileRef</key>
			<string>BEFC931C1995F0710074C938</string>
			<key>isa</key>
			<string>PBXBuildFile</string>
		</dict>
		<key>C97E222596F14727B875BF98</key>
		<dict>
			<key>buildActionMask</key>
			<string>2147483647</string>
			<key>files</key>
			<array/>
			<key>inputPaths</key>
			<array/>
			<key>isa</key>
			<string>PBXShellScriptBuildPhase</string>
			<key>name</key>
			<string>Copy Pods Resources</string>
			<key>outputPaths</key>
			<array/>
			<key>runOnlyForDeploymentPostprocessing</key>
			<string>0</string>
			<key>shellPath</key>
			<string>/bin/sh</string>
			<key>shellScript</key>
			<string>"${SRCROOT}/Pods/Target Support Files/Pods-AutoPkgr/Pods-AutoPkgr-resources.sh"
</string>
			<key>showEnvVarsInLog</key>
			<string>0</string>
		</dict>
		<key>FF435269A548437DA5380201</key>
		<dict>
			<key>explicitFileType</key>
			<string>archive.ar</string>
			<key>includeInIndex</key>
			<string>0</string>
			<key>isa</key>
			<string>PBXFileReference</string>
			<key>path</key>
			<string>libPods-AutoPkgr.a</string>
			<key>sourceTree</key>
			<string>BUILT_PRODUCTS_DIR</string>
		</dict>
	</dict>
	<key>rootObject</key>
	<string>1AC69545195B59ED00D2BD81</string>
</dict>
</plist>
